{
  "object": {
    "pins": [
      {
        "package": "Clibsodium",
        "repositoryURL": "https://github.com/tiwoc/Clibsodium.git",
        "state": {
          "branch": null,
          "revision": "2ac72772aae26b2da0b15c253d9bb79ba452f66a",
          "version": "1.0.0"
        }
      },
      {
        "package": "CryptoSwift",
        "repositoryURL": "https://github.com/krzyzanowskim/CryptoSwift.git",
        "state": {
          "branch": null,
          "revision": "5da70ba744d58d772201f03600eb16c53197652d",
          "version": "0.15.0"
        }
      },
      {
        "package": "secp256k1",
        "repositoryURL": "https://github.com/Boilertalk/secp256k1.swift.git",
        "state": {
          "branch": null,
          "revision": "823281fe9def21b384099b72a9a53ca988317b20",
          "version": "0.1.4"
        }
      },
      {
        "package": "Sodium",
        "repositoryURL": "https://github.com/jedisct1/swift-sodium.git",
        "state": {
          "branch": null,
          "revision": "adc2c117bedf186cb4cdcd64c5b93b7f1f55e185",
          "version": null
        }
      }
    ]
  },
  "version": 1
}
