PODS:
  - CryptoSwift (1.2.0)
  - secp256k1.swift (0.1.4)
  - Sodium (0.8.0)
  - SwiftLint (0.34.0)

DEPENDENCIES:
  - CryptoSwift (~> 1.2.0)
  - secp256k1.swift (~> 0.1.4)
  - Sodium (~> 0.8.0)
  - SwiftLint

SPEC REPOS:
  https://github.com/CocoaPods/Specs.git:
    - CryptoSwift
    - secp256k1.swift
    - Sodium
    - SwiftLint

SPEC CHECKSUMS:
  CryptoSwift: 40e374e45291d8dceedcb0d6184da94533eaabdf
  secp256k1.swift: a7e7a214f6db6ce5db32cc6b2b45e5c4dd633634
  Sodium: 63c0ca312a932e6da481689537d4b35568841bdc
  SwiftLint: 79d48a17c6565dc286c37efb8322c7b450f95c67

PODFILE CHECKSUM: 55b4b149bab525d5dfde146727f415ffdd8c3a48

COCOAPODS: 1.8.4
