// !$*UTF8*$!
{
	archiveVersion = 1;
	classes = {
	};
	objectVersion = 50;
	objects = {

/* Begin PBXBuildFile section */
		1A11347E2228D14300840EE8 /* LocalNode.swift in Sources */ = {isa = PBXBuildFile; fileRef = 1A11347D2228D14300840EE8 /* LocalNode.swift */; };
		1A1134802229063F00840EE8 /* TxTrace.swift in Sources */ = {isa = PBXBuildFile; fileRef = 1A11347F2229063F00840EE8 /* TxTrace.swift */; };
		1A1C826A222F5D5D0053EC32 /* Blake2b.swift in Sources */ = {isa = PBXBuildFile; fileRef = 1A1C8269222F5D5D0053EC32 /* Blake2b.swift */; };
		1A1C826C222F5D7B0053EC32 /* Blake2bTests.swift in Sources */ = {isa = PBXBuildFile; fileRef = 1A1C826B222F5D7B0053EC32 /* Blake2bTests.swift */; };
		1A28119721D3805800E7CEC5 /* ScriptTests.swift in Sources */ = {isa = PBXBuildFile; fileRef = 1A28119621D3805800E7CEC5 /* ScriptTests.swift */; };
		1A414A6A21C2226E00B28C09 /* CKB.framework in Frameworks */ = {isa = PBXBuildFile; fileRef = 1A414A6021C2226E00B28C09 /* CKB.framework */; };
		1A414A7121C2226E00B28C09 /* CKB.h in Headers */ = {isa = PBXBuildFile; fileRef = 1A414A6321C2226E00B28C09 /* CKB.h */; settings = {ATTRIBUTES = (Public, ); }; };
		1A414A7B21C22A9300B28C09 /* APIClient.swift in Sources */ = {isa = PBXBuildFile; fileRef = 1A414A7A21C22A9300B28C09 /* APIClient.swift */; };
		1A414A7D21C23A3900B28C09 /* APIClientTests.swift in Sources */ = {isa = PBXBuildFile; fileRef = 1A414A7C21C23A3900B28C09 /* APIClientTests.swift */; };
		1A414A8121C32D4B00B28C09 /* APIResult.swift in Sources */ = {isa = PBXBuildFile; fileRef = 1A414A8021C32D4B00B28C09 /* APIResult.swift */; };
		1A414A8321C334EB00B28C09 /* APIRequest.swift in Sources */ = {isa = PBXBuildFile; fileRef = 1A414A8221C334EB00B28C09 /* APIRequest.swift */; };
		1A414A8821C36FCF00B28C09 /* Header.swift in Sources */ = {isa = PBXBuildFile; fileRef = 1A414A8721C36FCF00B28C09 /* Header.swift */; };
		1A414A8A21C36FE900B28C09 /* Block.swift in Sources */ = {isa = PBXBuildFile; fileRef = 1A414A8921C36FE900B28C09 /* Block.swift */; };
		1A414A8C21C3714E00B28C09 /* Transaction.swift in Sources */ = {isa = PBXBuildFile; fileRef = 1A414A8B21C3714E00B28C09 /* Transaction.swift */; };
		1A414A8E21C3722300B28C09 /* CellInput.swift in Sources */ = {isa = PBXBuildFile; fileRef = 1A414A8D21C3722300B28C09 /* CellInput.swift */; };
		1A414A9021C3723E00B28C09 /* CellOutput.swift in Sources */ = {isa = PBXBuildFile; fileRef = 1A414A8F21C3723E00B28C09 /* CellOutput.swift */; };
		1A414A9221C3725300B28C09 /* OutPoint.swift in Sources */ = {isa = PBXBuildFile; fileRef = 1A414A9121C3725300B28C09 /* OutPoint.swift */; };
		1A414A9421C3789000B28C09 /* Primitives.swift in Sources */ = {isa = PBXBuildFile; fileRef = 1A414A9321C3789000B28C09 /* Primitives.swift */; };
		1A414A9621C37AA000B28C09 /* Script.swift in Sources */ = {isa = PBXBuildFile; fileRef = 1A414A9521C37AA000B28C09 /* Script.swift */; };
		1A414A9A21C3879500B28C09 /* Cell.swift in Sources */ = {isa = PBXBuildFile; fileRef = 1A414A9921C3879500B28C09 /* Cell.swift */; };
		1A414AA021C770DD00B28C09 /* Utils.swift in Sources */ = {isa = PBXBuildFile; fileRef = 1A414A9F21C770DD00B28C09 /* Utils.swift */; };
		1A414AA521C7713800B28C09 /* UtilsTests.swift in Sources */ = {isa = PBXBuildFile; fileRef = 1A414AA421C7713800B28C09 /* UtilsTests.swift */; };
		1AB45ED7222AA558009B395B /* Secp256k1.swift in Sources */ = {isa = PBXBuildFile; fileRef = 1AB45ED6222AA558009B395B /* Secp256k1.swift */; };
		1AB45EDA222AA644009B395B /* Secp256k1Tests.swift in Sources */ = {isa = PBXBuildFile; fileRef = 1AB45ED9222AA644009B395B /* Secp256k1Tests.swift */; };
		2D6EA000E9B8936CB81356CC /* Pods_CKB.framework in Frameworks */ = {isa = PBXBuildFile; fileRef = 6F4BD554CBEED5D384A1C737 /* Pods_CKB.framework */; };
		591DADB7D11BC8F71DBF4902 /* Pods_CKBTests.framework in Frameworks */ = {isa = PBXBuildFile; fileRef = 6FD2179DE52A415B08B8D134 /* Pods_CKBTests.framework */; };
/* End PBXBuildFile section */

/* Begin PBXContainerItemProxy section */
		1A414A6B21C2226E00B28C09 /* PBXContainerItemProxy */ = {
			isa = PBXContainerItemProxy;
			containerPortal = 1A414A5721C2226E00B28C09 /* Project object */;
			proxyType = 1;
			remoteGlobalIDString = 1A414A5F21C2226E00B28C09;
			remoteInfo = CKB;
		};
/* End PBXContainerItemProxy section */

/* Begin PBXFileReference section */
		1A11347D2228D14300840EE8 /* LocalNode.swift */ = {isa = PBXFileReference; lastKnownFileType = sourcecode.swift; path = LocalNode.swift; sourceTree = "<group>"; };
		1A11347F2229063F00840EE8 /* TxTrace.swift */ = {isa = PBXFileReference; lastKnownFileType = sourcecode.swift; path = TxTrace.swift; sourceTree = "<group>"; };
		1A1C8269222F5D5D0053EC32 /* Blake2b.swift */ = {isa = PBXFileReference; lastKnownFileType = sourcecode.swift; path = Blake2b.swift; sourceTree = "<group>"; };
		1A1C826B222F5D7B0053EC32 /* Blake2bTests.swift */ = {isa = PBXFileReference; lastKnownFileType = sourcecode.swift; path = Blake2bTests.swift; sourceTree = "<group>"; };
		1A28119621D3805800E7CEC5 /* ScriptTests.swift */ = {isa = PBXFileReference; lastKnownFileType = sourcecode.swift; path = ScriptTests.swift; sourceTree = "<group>"; };
		1A414A6021C2226E00B28C09 /* CKB.framework */ = {isa = PBXFileReference; explicitFileType = wrapper.framework; includeInIndex = 0; path = CKB.framework; sourceTree = BUILT_PRODUCTS_DIR; };
		1A414A6321C2226E00B28C09 /* CKB.h */ = {isa = PBXFileReference; lastKnownFileType = sourcecode.c.h; path = CKB.h; sourceTree = "<group>"; };
		1A414A6421C2226E00B28C09 /* Info.plist */ = {isa = PBXFileReference; lastKnownFileType = text.plist.xml; path = Info.plist; sourceTree = "<group>"; };
		1A414A6921C2226E00B28C09 /* CKBTests.xctest */ = {isa = PBXFileReference; explicitFileType = wrapper.cfbundle; includeInIndex = 0; path = CKBTests.xctest; sourceTree = BUILT_PRODUCTS_DIR; };
		1A414A7021C2226E00B28C09 /* Info.plist */ = {isa = PBXFileReference; lastKnownFileType = text.plist.xml; path = Info.plist; sourceTree = "<group>"; };
		1A414A7A21C22A9300B28C09 /* APIClient.swift */ = {isa = PBXFileReference; lastKnownFileType = sourcecode.swift; path = APIClient.swift; sourceTree = "<group>"; };
		1A414A7C21C23A3900B28C09 /* APIClientTests.swift */ = {isa = PBXFileReference; lastKnownFileType = sourcecode.swift; path = APIClientTests.swift; sourceTree = "<group>"; };
		1A414A8021C32D4B00B28C09 /* APIResult.swift */ = {isa = PBXFileReference; lastKnownFileType = sourcecode.swift; path = APIResult.swift; sourceTree = "<group>"; };
		1A414A8221C334EB00B28C09 /* APIRequest.swift */ = {isa = PBXFileReference; lastKnownFileType = sourcecode.swift; path = APIRequest.swift; sourceTree = "<group>"; };
		1A414A8721C36FCF00B28C09 /* Header.swift */ = {isa = PBXFileReference; lastKnownFileType = sourcecode.swift; path = Header.swift; sourceTree = "<group>"; };
		1A414A8921C36FE900B28C09 /* Block.swift */ = {isa = PBXFileReference; lastKnownFileType = sourcecode.swift; path = Block.swift; sourceTree = "<group>"; };
		1A414A8B21C3714E00B28C09 /* Transaction.swift */ = {isa = PBXFileReference; lastKnownFileType = sourcecode.swift; path = Transaction.swift; sourceTree = "<group>"; };
		1A414A8D21C3722300B28C09 /* CellInput.swift */ = {isa = PBXFileReference; lastKnownFileType = sourcecode.swift; path = CellInput.swift; sourceTree = "<group>"; };
		1A414A8F21C3723E00B28C09 /* CellOutput.swift */ = {isa = PBXFileReference; lastKnownFileType = sourcecode.swift; path = CellOutput.swift; sourceTree = "<group>"; };
		1A414A9121C3725300B28C09 /* OutPoint.swift */ = {isa = PBXFileReference; lastKnownFileType = sourcecode.swift; path = OutPoint.swift; sourceTree = "<group>"; };
		1A414A9321C3789000B28C09 /* Primitives.swift */ = {isa = PBXFileReference; lastKnownFileType = sourcecode.swift; path = Primitives.swift; sourceTree = "<group>"; };
		1A414A9521C37AA000B28C09 /* Script.swift */ = {isa = PBXFileReference; lastKnownFileType = sourcecode.swift; path = Script.swift; sourceTree = "<group>"; };
		1A414A9921C3879500B28C09 /* Cell.swift */ = {isa = PBXFileReference; lastKnownFileType = sourcecode.swift; path = Cell.swift; sourceTree = "<group>"; };
		1A414A9F21C770DD00B28C09 /* Utils.swift */ = {isa = PBXFileReference; lastKnownFileType = sourcecode.swift; path = Utils.swift; sourceTree = "<group>"; };
		1A414AA421C7713800B28C09 /* UtilsTests.swift */ = {isa = PBXFileReference; lastKnownFileType = sourcecode.swift; path = UtilsTests.swift; sourceTree = "<group>"; };
		1AB45ED6222AA558009B395B /* Secp256k1.swift */ = {isa = PBXFileReference; lastKnownFileType = sourcecode.swift; path = Secp256k1.swift; sourceTree = "<group>"; };
		1AB45ED9222AA644009B395B /* Secp256k1Tests.swift */ = {isa = PBXFileReference; lastKnownFileType = sourcecode.swift; path = Secp256k1Tests.swift; sourceTree = "<group>"; };
		3280C4848C7A8236CA5F4CD8 /* Pods-CKBTests.debug.xcconfig */ = {isa = PBXFileReference; includeInIndex = 1; lastKnownFileType = text.xcconfig; name = "Pods-CKBTests.debug.xcconfig"; path = "Pods/Target Support Files/Pods-CKBTests/Pods-CKBTests.debug.xcconfig"; sourceTree = "<group>"; };
		5CAEE4335089142E8F3ECC55 /* Pods-CKBTests.release.xcconfig */ = {isa = PBXFileReference; includeInIndex = 1; lastKnownFileType = text.xcconfig; name = "Pods-CKBTests.release.xcconfig"; path = "Pods/Target Support Files/Pods-CKBTests/Pods-CKBTests.release.xcconfig"; sourceTree = "<group>"; };
		5CD9DB4E09DDB6450D81BC6F /* Pods-CKB.debug.xcconfig */ = {isa = PBXFileReference; includeInIndex = 1; lastKnownFileType = text.xcconfig; name = "Pods-CKB.debug.xcconfig"; path = "Pods/Target Support Files/Pods-CKB/Pods-CKB.debug.xcconfig"; sourceTree = "<group>"; };
		6F4BD554CBEED5D384A1C737 /* Pods_CKB.framework */ = {isa = PBXFileReference; explicitFileType = wrapper.framework; includeInIndex = 0; path = Pods_CKB.framework; sourceTree = BUILT_PRODUCTS_DIR; };
		6FD2179DE52A415B08B8D134 /* Pods_CKBTests.framework */ = {isa = PBXFileReference; explicitFileType = wrapper.framework; includeInIndex = 0; path = Pods_CKBTests.framework; sourceTree = BUILT_PRODUCTS_DIR; };
		ABE51456FD8F0F3CCE586B41 /* Pods-CKB.release.xcconfig */ = {isa = PBXFileReference; includeInIndex = 1; lastKnownFileType = text.xcconfig; name = "Pods-CKB.release.xcconfig"; path = "Pods/Target Support Files/Pods-CKB/Pods-CKB.release.xcconfig"; sourceTree = "<group>"; };
/* End PBXFileReference section */

/* Begin PBXFrameworksBuildPhase section */
		1A414A5D21C2226E00B28C09 /* Frameworks */ = {
			isa = PBXFrameworksBuildPhase;
			buildActionMask = 2147483647;
			files = (
				2D6EA000E9B8936CB81356CC /* Pods_CKB.framework in Frameworks */,
			);
			runOnlyForDeploymentPostprocessing = 0;
		};
		1A414A6621C2226E00B28C09 /* Frameworks */ = {
			isa = PBXFrameworksBuildPhase;
			buildActionMask = 2147483647;
			files = (
				1A414A6A21C2226E00B28C09 /* CKB.framework in Frameworks */,
				591DADB7D11BC8F71DBF4902 /* Pods_CKBTests.framework in Frameworks */,
			);
			runOnlyForDeploymentPostprocessing = 0;
		};
/* End PBXFrameworksBuildPhase section */

/* Begin PBXGroup section */
		1A28119521D3804600E7CEC5 /* Types */ = {
			isa = PBXGroup;
			children = (
				1A28119621D3805800E7CEC5 /* ScriptTests.swift */,
			);
			path = Types;
			sourceTree = "<group>";
		};
		1A414A5621C2226E00B28C09 = {
			isa = PBXGroup;
			children = (
				1A414A6221C2226E00B28C09 /* Source */,
				1A414A6D21C2226E00B28C09 /* Tests */,
				1A414A6121C2226E00B28C09 /* Products */,
				D8E741B1A7B0D4DFBEDB15BE /* Pods */,
				4F766494AD6DB6539413DFD4 /* Frameworks */,
			);
			sourceTree = "<group>";
		};
		1A414A6121C2226E00B28C09 /* Products */ = {
			isa = PBXGroup;
			children = (
				1A414A6021C2226E00B28C09 /* CKB.framework */,
				1A414A6921C2226E00B28C09 /* CKBTests.xctest */,
			);
			name = Products;
			sourceTree = "<group>";
		};
		1A414A6221C2226E00B28C09 /* Source */ = {
			isa = PBXGroup;
			children = (
				1AB45ED5222AA53F009B395B /* Crypto */,
				1A414A8621C36FAA00B28C09 /* Types */,
				1A414A7E21C32D1D00B28C09 /* API */,
				1A414A9E21C770CF00B28C09 /* Utils */,
				1A414A6321C2226E00B28C09 /* CKB.h */,
				1A414A6421C2226E00B28C09 /* Info.plist */,
			);
			path = Source;
			sourceTree = "<group>";
		};
		1A414A6D21C2226E00B28C09 /* Tests */ = {
			isa = PBXGroup;
			children = (
				1AB45ED8222AA624009B395B /* Crypto */,
				1A28119521D3804600E7CEC5 /* Types */,
				1A414A7F21C32D2500B28C09 /* API */,
				1A414AA121C7711200B28C09 /* Utils */,
				1A414A7021C2226E00B28C09 /* Info.plist */,
			);
			path = Tests;
			sourceTree = "<group>";
		};
		1A414A7E21C32D1D00B28C09 /* API */ = {
			isa = PBXGroup;
			children = (
				1A414A8021C32D4B00B28C09 /* APIResult.swift */,
				1A414A8221C334EB00B28C09 /* APIRequest.swift */,
				1A414A7A21C22A9300B28C09 /* APIClient.swift */,
			);
			path = API;
			sourceTree = "<group>";
		};
		1A414A7F21C32D2500B28C09 /* API */ = {
			isa = PBXGroup;
			children = (
				1A414A7C21C23A3900B28C09 /* APIClientTests.swift */,
			);
			path = API;
			sourceTree = "<group>";
		};
		1A414A8621C36FAA00B28C09 /* Types */ = {
			isa = PBXGroup;
			children = (
				1A414A9321C3789000B28C09 /* Primitives.swift */,
				1A414A9521C37AA000B28C09 /* Script.swift */,
				1A414A9121C3725300B28C09 /* OutPoint.swift */,
				1A414A9921C3879500B28C09 /* Cell.swift */,
				1A414A8D21C3722300B28C09 /* CellInput.swift */,
				1A414A8F21C3723E00B28C09 /* CellOutput.swift */,
				1A414A8721C36FCF00B28C09 /* Header.swift */,
				1A414A8921C36FE900B28C09 /* Block.swift */,
				1A414A8B21C3714E00B28C09 /* Transaction.swift */,
				1A11347D2228D14300840EE8 /* LocalNode.swift */,
				1A11347F2229063F00840EE8 /* TxTrace.swift */,
			);
			path = Types;
			sourceTree = "<group>";
		};
		1A414A9E21C770CF00B28C09 /* Utils */ = {
			isa = PBXGroup;
			children = (
				1A414A9F21C770DD00B28C09 /* Utils.swift */,
			);
			path = Utils;
			sourceTree = "<group>";
		};
		1A414AA121C7711200B28C09 /* Utils */ = {
			isa = PBXGroup;
			children = (
				1A414AA421C7713800B28C09 /* UtilsTests.swift */,
			);
			path = Utils;
			sourceTree = "<group>";
		};
		1AB45ED5222AA53F009B395B /* Crypto */ = {
			isa = PBXGroup;
			children = (
				1AB45ED6222AA558009B395B /* Secp256k1.swift */,
				1A1C8269222F5D5D0053EC32 /* Blake2b.swift */,
			);
			path = Crypto;
			sourceTree = "<group>";
		};
		1AB45ED8222AA624009B395B /* Crypto */ = {
			isa = PBXGroup;
			children = (
				1AB45ED9222AA644009B395B /* Secp256k1Tests.swift */,
				1A1C826B222F5D7B0053EC32 /* Blake2bTests.swift */,
			);
			path = Crypto;
			sourceTree = "<group>";
		};
		4F766494AD6DB6539413DFD4 /* Frameworks */ = {
			isa = PBXGroup;
			children = (
				6F4BD554CBEED5D384A1C737 /* Pods_CKB.framework */,
				6FD2179DE52A415B08B8D134 /* Pods_CKBTests.framework */,
			);
			name = Frameworks;
			sourceTree = "<group>";
		};
		D8E741B1A7B0D4DFBEDB15BE /* Pods */ = {
			isa = PBXGroup;
			children = (
				5CD9DB4E09DDB6450D81BC6F /* Pods-CKB.debug.xcconfig */,
				ABE51456FD8F0F3CCE586B41 /* Pods-CKB.release.xcconfig */,
				3280C4848C7A8236CA5F4CD8 /* Pods-CKBTests.debug.xcconfig */,
				5CAEE4335089142E8F3ECC55 /* Pods-CKBTests.release.xcconfig */,
			);
			name = Pods;
			sourceTree = "<group>";
		};
/* End PBXGroup section */

/* Begin PBXHeadersBuildPhase section */
		1A414A5B21C2226E00B28C09 /* Headers */ = {
			isa = PBXHeadersBuildPhase;
			buildActionMask = 2147483647;
			files = (
				1A414A7121C2226E00B28C09 /* CKB.h in Headers */,
			);
			runOnlyForDeploymentPostprocessing = 0;
		};
/* End PBXHeadersBuildPhase section */

/* Begin PBXNativeTarget section */
		1A414A5F21C2226E00B28C09 /* CKB */ = {
			isa = PBXNativeTarget;
			buildConfigurationList = 1A414A7421C2226E00B28C09 /* Build configuration list for PBXNativeTarget "CKB" */;
			buildPhases = (
				2BD14A1EEA7F2D04671DE503 /* [CP] Check Pods Manifest.lock */,
				1A414A5B21C2226E00B28C09 /* Headers */,
				1A414A5C21C2226E00B28C09 /* Sources */,
				1A414A5D21C2226E00B28C09 /* Frameworks */,
				1A414A5E21C2226E00B28C09 /* Resources */,
				1A3B97A621CB8C2200FC1C54 /* SwiftLint */,
			);
			buildRules = (
			);
			dependencies = (
			);
			name = CKB;
			productName = CKB;
			productReference = 1A414A6021C2226E00B28C09 /* CKB.framework */;
			productType = "com.apple.product-type.framework";
		};
		1A414A6821C2226E00B28C09 /* CKBTests */ = {
			isa = PBXNativeTarget;
			buildConfigurationList = 1A414A7721C2226E00B28C09 /* Build configuration list for PBXNativeTarget "CKBTests" */;
			buildPhases = (
				2D5F8B67D567011B86AD7F8D /* [CP] Check Pods Manifest.lock */,
				1A414A6521C2226E00B28C09 /* Sources */,
				1A414A6621C2226E00B28C09 /* Frameworks */,
				1A414A6721C2226E00B28C09 /* Resources */,
				9ECFF0691DD0F1617C072ED9 /* [CP] Embed Pods Frameworks */,
			);
			buildRules = (
			);
			dependencies = (
				1A414A6C21C2226E00B28C09 /* PBXTargetDependency */,
			);
			name = CKBTests;
			productName = CKBTests;
			productReference = 1A414A6921C2226E00B28C09 /* CKBTests.xctest */;
			productType = "com.apple.product-type.bundle.unit-test";
		};
/* End PBXNativeTarget section */

/* Begin PBXProject section */
		1A414A5721C2226E00B28C09 /* Project object */ = {
			isa = PBXProject;
			attributes = {
				LastSwiftUpdateCheck = 1010;
				LastUpgradeCheck = 1010;
				ORGANIZATIONNAME = "Nervos Foundation";
				TargetAttributes = {
					1A414A5F21C2226E00B28C09 = {
						CreatedOnToolsVersion = 10.1;
						LastSwiftMigration = 1020;
					};
					1A414A6821C2226E00B28C09 = {
						CreatedOnToolsVersion = 10.1;
						LastSwiftMigration = 1020;
					};
				};
			};
			buildConfigurationList = 1A414A5A21C2226E00B28C09 /* Build configuration list for PBXProject "CKB" */;
			compatibilityVersion = "Xcode 9.3";
			developmentRegion = en;
			hasScannedForEncodings = 0;
			knownRegions = (
				en,
				Base,
			);
			mainGroup = 1A414A5621C2226E00B28C09;
			productRefGroup = 1A414A6121C2226E00B28C09 /* Products */;
			projectDirPath = "";
			projectRoot = "";
			targets = (
				1A414A5F21C2226E00B28C09 /* CKB */,
				1A414A6821C2226E00B28C09 /* CKBTests */,
			);
		};
/* End PBXProject section */

/* Begin PBXResourcesBuildPhase section */
		1A414A5E21C2226E00B28C09 /* Resources */ = {
			isa = PBXResourcesBuildPhase;
			buildActionMask = 2147483647;
			files = (
			);
			runOnlyForDeploymentPostprocessing = 0;
		};
		1A414A6721C2226E00B28C09 /* Resources */ = {
			isa = PBXResourcesBuildPhase;
			buildActionMask = 2147483647;
			files = (
			);
			runOnlyForDeploymentPostprocessing = 0;
		};
/* End PBXResourcesBuildPhase section */

/* Begin PBXShellScriptBuildPhase section */
		1A3B97A621CB8C2200FC1C54 /* SwiftLint */ = {
			isa = PBXShellScriptBuildPhase;
			buildActionMask = 2147483647;
			files = (
			);
			inputFileListPaths = (
			);
			inputPaths = (
			);
			name = SwiftLint;
			outputFileListPaths = (
			);
			outputPaths = (
			);
			runOnlyForDeploymentPostprocessing = 0;
			shellPath = /bin/sh;
			shellScript = "\"${PODS_ROOT}/SwiftLint/swiftlint\"\n";
		};
		2BD14A1EEA7F2D04671DE503 /* [CP] Check Pods Manifest.lock */ = {
			isa = PBXShellScriptBuildPhase;
			buildActionMask = 2147483647;
			files = (
			);
			inputFileListPaths = (
			);
			inputPaths = (
				"${PODS_PODFILE_DIR_PATH}/Podfile.lock",
				"${PODS_ROOT}/Manifest.lock",
			);
			name = "[CP] Check Pods Manifest.lock";
			outputFileListPaths = (
			);
			outputPaths = (
				"$(DERIVED_FILE_DIR)/Pods-CKB-checkManifestLockResult.txt",
			);
			runOnlyForDeploymentPostprocessing = 0;
			shellPath = /bin/sh;
			shellScript = "diff \"${PODS_PODFILE_DIR_PATH}/Podfile.lock\" \"${PODS_ROOT}/Manifest.lock\" > /dev/null\nif [ $? != 0 ] ; then\n    # print error to STDERR\n    echo \"error: The sandbox is not in sync with the Podfile.lock. Run 'pod install' or update your CocoaPods installation.\" >&2\n    exit 1\nfi\n# This output is used by Xcode 'outputs' to avoid re-running this script phase.\necho \"SUCCESS\" > \"${SCRIPT_OUTPUT_FILE_0}\"\n";
			showEnvVarsInLog = 0;
		};
		2D5F8B67D567011B86AD7F8D /* [CP] Check Pods Manifest.lock */ = {
			isa = PBXShellScriptBuildPhase;
			buildActionMask = 2147483647;
			files = (
			);
			inputFileListPaths = (
			);
			inputPaths = (
				"${PODS_PODFILE_DIR_PATH}/Podfile.lock",
				"${PODS_ROOT}/Manifest.lock",
			);
			name = "[CP] Check Pods Manifest.lock";
			outputFileListPaths = (
			);
			outputPaths = (
				"$(DERIVED_FILE_DIR)/Pods-CKBTests-checkManifestLockResult.txt",
			);
			runOnlyForDeploymentPostprocessing = 0;
			shellPath = /bin/sh;
			shellScript = "diff \"${PODS_PODFILE_DIR_PATH}/Podfile.lock\" \"${PODS_ROOT}/Manifest.lock\" > /dev/null\nif [ $? != 0 ] ; then\n    # print error to STDERR\n    echo \"error: The sandbox is not in sync with the Podfile.lock. Run 'pod install' or update your CocoaPods installation.\" >&2\n    exit 1\nfi\n# This output is used by Xcode 'outputs' to avoid re-running this script phase.\necho \"SUCCESS\" > \"${SCRIPT_OUTPUT_FILE_0}\"\n";
			showEnvVarsInLog = 0;
		};
		9ECFF0691DD0F1617C072ED9 /* [CP] Embed Pods Frameworks */ = {
			isa = PBXShellScriptBuildPhase;
			buildActionMask = 2147483647;
			files = (
			);
			inputFileListPaths = (
			);
			inputPaths = (
				"${PODS_ROOT}/Target Support Files/Pods-CKBTests/Pods-CKBTests-frameworks.sh",
				"${BUILT_PRODUCTS_DIR}/CryptoSwift/CryptoSwift.framework",
				"${BUILT_PRODUCTS_DIR}/Sodium/Sodium.framework",
				"${BUILT_PRODUCTS_DIR}/secp256k1.swift/secp256k1.framework",
			);
			name = "[CP] Embed Pods Frameworks";
			outputFileListPaths = (
			);
			outputPaths = (
				"${TARGET_BUILD_DIR}/${FRAMEWORKS_FOLDER_PATH}/CryptoSwift.framework",
				"${TARGET_BUILD_DIR}/${FRAMEWORKS_FOLDER_PATH}/Sodium.framework",
				"${TARGET_BUILD_DIR}/${FRAMEWORKS_FOLDER_PATH}/secp256k1.framework",
			);
			runOnlyForDeploymentPostprocessing = 0;
			shellPath = /bin/sh;
			shellScript = "\"${PODS_ROOT}/Target Support Files/Pods-CKBTests/Pods-CKBTests-frameworks.sh\"\n";
			showEnvVarsInLog = 0;
		};
/* End PBXShellScriptBuildPhase section */

/* Begin PBXSourcesBuildPhase section */
		1A414A5C21C2226E00B28C09 /* Sources */ = {
			isa = PBXSourcesBuildPhase;
			buildActionMask = 2147483647;
			files = (
				1A414A9221C3725300B28C09 /* OutPoint.swift in Sources */,
				1A414A8821C36FCF00B28C09 /* Header.swift in Sources */,
				1A1134802229063F00840EE8 /* TxTrace.swift in Sources */,
				1A11347E2228D14300840EE8 /* LocalNode.swift in Sources */,
				1A414A7B21C22A9300B28C09 /* APIClient.swift in Sources */,
				1AB45ED7222AA558009B395B /* Secp256k1.swift in Sources */,
				1A414A8E21C3722300B28C09 /* CellInput.swift in Sources */,
				1A414A9621C37AA000B28C09 /* Script.swift in Sources */,
				1A414AA021C770DD00B28C09 /* Utils.swift in Sources */,
				1A414A9A21C3879500B28C09 /* Cell.swift in Sources */,
				1A414A8C21C3714E00B28C09 /* Transaction.swift in Sources */,
				1A414A9021C3723E00B28C09 /* CellOutput.swift in Sources */,
				1A1C826A222F5D5D0053EC32 /* Blake2b.swift in Sources */,
				1A414A8A21C36FE900B28C09 /* Block.swift in Sources */,
				1A414A9421C3789000B28C09 /* Primitives.swift in Sources */,
				1A414A8321C334EB00B28C09 /* APIRequest.swift in Sources */,
				1A414A8121C32D4B00B28C09 /* APIResult.swift in Sources */,
			);
			runOnlyForDeploymentPostprocessing = 0;
		};
		1A414A6521C2226E00B28C09 /* Sources */ = {
			isa = PBXSourcesBuildPhase;
			buildActionMask = 2147483647;
			files = (
				1A28119721D3805800E7CEC5 /* ScriptTests.swift in Sources */,
				1A414A7D21C23A3900B28C09 /* APIClientTests.swift in Sources */,
				1A414AA521C7713800B28C09 /* UtilsTests.swift in Sources */,
				1AB45EDA222AA644009B395B /* Secp256k1Tests.swift in Sources */,
				1A1C826C222F5D7B0053EC32 /* Blake2bTests.swift in Sources */,
			);
			runOnlyForDeploymentPostprocessing = 0;
		};
/* End PBXSourcesBuildPhase section */

/* Begin PBXTargetDependency section */
		1A414A6C21C2226E00B28C09 /* PBXTargetDependency */ = {
			isa = PBXTargetDependency;
			target = 1A414A5F21C2226E00B28C09 /* CKB */;
			targetProxy = 1A414A6B21C2226E00B28C09 /* PBXContainerItemProxy */;
		};
/* End PBXTargetDependency section */

/* Begin XCBuildConfiguration section */
		1A414A7221C2226E00B28C09 /* Debug */ = {
			isa = XCBuildConfiguration;
			buildSettings = {
				ALWAYS_SEARCH_USER_PATHS = NO;
				CLANG_ANALYZER_NONNULL = YES;
				CLANG_ANALYZER_NUMBER_OBJECT_CONVERSION = YES_AGGRESSIVE;
				CLANG_CXX_LANGUAGE_STANDARD = "gnu++14";
				CLANG_CXX_LIBRARY = "libc++";
				CLANG_ENABLE_MODULES = YES;
				CLANG_ENABLE_OBJC_ARC = YES;
				CLANG_ENABLE_OBJC_WEAK = YES;
				CLANG_WARN_BLOCK_CAPTURE_AUTORELEASING = YES;
				CLANG_WARN_BOOL_CONVERSION = YES;
				CLANG_WARN_COMMA = YES;
				CLANG_WARN_CONSTANT_CONVERSION = YES;
				CLANG_WARN_DEPRECATED_OBJC_IMPLEMENTATIONS = YES;
				CLANG_WARN_DIRECT_OBJC_ISA_USAGE = YES_ERROR;
				CLANG_WARN_DOCUMENTATION_COMMENTS = YES;
				CLANG_WARN_EMPTY_BODY = YES;
				CLANG_WARN_ENUM_CONVERSION = YES;
				CLANG_WARN_INFINITE_RECURSION = YES;
				CLANG_WARN_INT_CONVERSION = YES;
				CLANG_WARN_NON_LITERAL_NULL_CONVERSION = YES;
				CLANG_WARN_OBJC_IMPLICIT_RETAIN_SELF = YES;
				CLANG_WARN_OBJC_LITERAL_CONVERSION = YES;
				CLANG_WARN_OBJC_ROOT_CLASS = YES_ERROR;
				CLANG_WARN_RANGE_LOOP_ANALYSIS = YES;
				CLANG_WARN_STRICT_PROTOTYPES = YES;
				CLANG_WARN_SUSPICIOUS_MOVE = YES;
				CLANG_WARN_UNGUARDED_AVAILABILITY = YES_AGGRESSIVE;
				CLANG_WARN_UNREACHABLE_CODE = YES;
				CLANG_WARN__DUPLICATE_METHOD_MATCH = YES;
				CODE_SIGN_IDENTITY = "iPhone Developer";
				COPY_PHASE_STRIP = NO;
				CURRENT_PROJECT_VERSION = 1;
				DEBUG_INFORMATION_FORMAT = dwarf;
				ENABLE_STRICT_OBJC_MSGSEND = YES;
				ENABLE_TESTABILITY = YES;
				GCC_C_LANGUAGE_STANDARD = gnu11;
				GCC_DYNAMIC_NO_PIC = NO;
				GCC_NO_COMMON_BLOCKS = YES;
				GCC_OPTIMIZATION_LEVEL = 0;
				GCC_PREPROCESSOR_DEFINITIONS = (
					"DEBUG=1",
					"$(inherited)",
				);
				GCC_WARN_64_TO_32_BIT_CONVERSION = YES;
				GCC_WARN_ABOUT_RETURN_TYPE = YES_ERROR;
				GCC_WARN_UNDECLARED_SELECTOR = YES;
				GCC_WARN_UNINITIALIZED_AUTOS = YES_AGGRESSIVE;
				GCC_WARN_UNUSED_FUNCTION = YES;
				GCC_WARN_UNUSED_VARIABLE = YES;
				IPHONEOS_DEPLOYMENT_TARGET = 12.1;
				MTL_ENABLE_DEBUG_INFO = INCLUDE_SOURCE;
				MTL_FAST_MATH = YES;
				ONLY_ACTIVE_ARCH = YES;
				SDKROOT = iphoneos;
				SWIFT_ACTIVE_COMPILATION_CONDITIONS = DEBUG;
				SWIFT_OPTIMIZATION_LEVEL = "-Onone";
				VERSIONING_SYSTEM = "apple-generic";
				VERSION_INFO_PREFIX = "";
			};
			name = Debug;
		};
		1A414A7321C2226E00B28C09 /* Release */ = {
			isa = XCBuildConfiguration;
			buildSettings = {
				ALWAYS_SEARCH_USER_PATHS = NO;
				CLANG_ANALYZER_NONNULL = YES;
				CLANG_ANALYZER_NUMBER_OBJECT_CONVERSION = YES_AGGRESSIVE;
				CLANG_CXX_LANGUAGE_STANDARD = "gnu++14";
				CLANG_CXX_LIBRARY = "libc++";
				CLANG_ENABLE_MODULES = YES;
				CLANG_ENABLE_OBJC_ARC = YES;
				CLANG_ENABLE_OBJC_WEAK = YES;
				CLANG_WARN_BLOCK_CAPTURE_AUTORELEASING = YES;
				CLANG_WARN_BOOL_CONVERSION = YES;
				CLANG_WARN_COMMA = YES;
				CLANG_WARN_CONSTANT_CONVERSION = YES;
				CLANG_WARN_DEPRECATED_OBJC_IMPLEMENTATIONS = YES;
				CLANG_WARN_DIRECT_OBJC_ISA_USAGE = YES_ERROR;
				CLANG_WARN_DOCUMENTATION_COMMENTS = YES;
				CLANG_WARN_EMPTY_BODY = YES;
				CLANG_WARN_ENUM_CONVERSION = YES;
				CLANG_WARN_INFINITE_RECURSION = YES;
				CLANG_WARN_INT_CONVERSION = YES;
				CLANG_WARN_NON_LITERAL_NULL_CONVERSION = YES;
				CLANG_WARN_OBJC_IMPLICIT_RETAIN_SELF = YES;
				CLANG_WARN_OBJC_LITERAL_CONVERSION = YES;
				CLANG_WARN_OBJC_ROOT_CLASS = YES_ERROR;
				CLANG_WARN_RANGE_LOOP_ANALYSIS = YES;
				CLANG_WARN_STRICT_PROTOTYPES = YES;
				CLANG_WARN_SUSPICIOUS_MOVE = YES;
				CLANG_WARN_UNGUARDED_AVAILABILITY = YES_AGGRESSIVE;
				CLANG_WARN_UNREACHABLE_CODE = YES;
				CLANG_WARN__DUPLICATE_METHOD_MATCH = YES;
				CODE_SIGN_IDENTITY = "iPhone Developer";
				COPY_PHASE_STRIP = NO;
				CURRENT_PROJECT_VERSION = 1;
				DEBUG_INFORMATION_FORMAT = "dwarf-with-dsym";
				ENABLE_NS_ASSERTIONS = NO;
				ENABLE_STRICT_OBJC_MSGSEND = YES;
				GCC_C_LANGUAGE_STANDARD = gnu11;
				GCC_NO_COMMON_BLOCKS = YES;
				GCC_WARN_64_TO_32_BIT_CONVERSION = YES;
				GCC_WARN_ABOUT_RETURN_TYPE = YES_ERROR;
				GCC_WARN_UNDECLARED_SELECTOR = YES;
				GCC_WARN_UNINITIALIZED_AUTOS = YES_AGGRESSIVE;
				GCC_WARN_UNUSED_FUNCTION = YES;
				GCC_WARN_UNUSED_VARIABLE = YES;
				IPHONEOS_DEPLOYMENT_TARGET = 12.1;
				MTL_ENABLE_DEBUG_INFO = NO;
				MTL_FAST_MATH = YES;
				SDKROOT = iphoneos;
				SWIFT_COMPILATION_MODE = wholemodule;
				SWIFT_OPTIMIZATION_LEVEL = "-O";
				VALIDATE_PRODUCT = YES;
				VERSIONING_SYSTEM = "apple-generic";
				VERSION_INFO_PREFIX = "";
			};
			name = Release;
		};
		1A414A7521C2226E00B28C09 /* Debug */ = {
			isa = XCBuildConfiguration;
			baseConfigurationReference = 5CD9DB4E09DDB6450D81BC6F /* Pods-CKB.debug.xcconfig */;
			buildSettings = {
				CLANG_ENABLE_MODULES = YES;
				CODE_SIGN_IDENTITY = "";
				CODE_SIGN_STYLE = Automatic;
				DEFINES_MODULE = YES;
				DYLIB_COMPATIBILITY_VERSION = 1;
				DYLIB_CURRENT_VERSION = 1;
				DYLIB_INSTALL_NAME_BASE = "@rpath";
				INFOPLIST_FILE = Source/Info.plist;
				INSTALL_PATH = "$(LOCAL_LIBRARY_DIR)/Frameworks";
				IPHONEOS_DEPLOYMENT_TARGET = 11.0;
				LD_RUNPATH_SEARCH_PATHS = (
					"$(inherited)",
					"@executable_path/Frameworks",
					"@loader_path/Frameworks",
				);
				PRODUCT_BUNDLE_IDENTIFIER = org.nervos.CKB;
				PRODUCT_NAME = "$(TARGET_NAME:c99extidentifier)";
				SKIP_INSTALL = YES;
				SWIFT_OPTIMIZATION_LEVEL = "-Onone";
				SWIFT_VERSION = 5.0;
				TARGETED_DEVICE_FAMILY = "1,2";
			};
			name = Debug;
		};
		1A414A7621C2226E00B28C09 /* Release */ = {
			isa = XCBuildConfiguration;
			baseConfigurationReference = ABE51456FD8F0F3CCE586B41 /* Pods-CKB.release.xcconfig */;
			buildSettings = {
				CLANG_ENABLE_MODULES = YES;
				CODE_SIGN_IDENTITY = "";
				CODE_SIGN_STYLE = Automatic;
				DEFINES_MODULE = YES;
				DYLIB_COMPATIBILITY_VERSION = 1;
				DYLIB_CURRENT_VERSION = 1;
				DYLIB_INSTALL_NAME_BASE = "@rpath";
				INFOPLIST_FILE = Source/Info.plist;
				INSTALL_PATH = "$(LOCAL_LIBRARY_DIR)/Frameworks";
				IPHONEOS_DEPLOYMENT_TARGET = 11.0;
				LD_RUNPATH_SEARCH_PATHS = (
					"$(inherited)",
					"@executable_path/Frameworks",
					"@loader_path/Frameworks",
				);
				PRODUCT_BUNDLE_IDENTIFIER = org.nervos.CKB;
				PRODUCT_NAME = "$(TARGET_NAME:c99extidentifier)";
				SKIP_INSTALL = YES;
				SWIFT_VERSION = 5.0;
				TARGETED_DEVICE_FAMILY = "1,2";
			};
			name = Release;
		};
		1A414A7821C2226E00B28C09 /* Debug */ = {
			isa = XCBuildConfiguration;
			baseConfigurationReference = 3280C4848C7A8236CA5F4CD8 /* Pods-CKBTests.debug.xcconfig */;
			buildSettings = {
				CODE_SIGN_STYLE = Automatic;
				INFOPLIST_FILE = Tests/Info.plist;
				LD_RUNPATH_SEARCH_PATHS = (
					"$(inherited)",
					"@executable_path/Frameworks",
					"@loader_path/Frameworks",
				);
				PRODUCT_BUNDLE_IDENTIFIER = org.nervos.CKBTests;
				PRODUCT_NAME = "$(TARGET_NAME)";
				SWIFT_VERSION = 5.0;
				TARGETED_DEVICE_FAMILY = "1,2";
			};
			name = Debug;
		};
		1A414A7921C2226E00B28C09 /* Release */ = {
			isa = XCBuildConfiguration;
			baseConfigurationReference = 5CAEE4335089142E8F3ECC55 /* Pods-CKBTests.release.xcconfig */;
			buildSettings = {
				CODE_SIGN_STYLE = Automatic;
				INFOPLIST_FILE = Tests/Info.plist;
				LD_RUNPATH_SEARCH_PATHS = (
					"$(inherited)",
					"@executable_path/Frameworks",
					"@loader_path/Frameworks",
				);
				PRODUCT_BUNDLE_IDENTIFIER = org.nervos.CKBTests;
				PRODUCT_NAME = "$(TARGET_NAME)";
				SWIFT_VERSION = 5.0;
				TARGETED_DEVICE_FAMILY = "1,2";
			};
			name = Release;
		};
/* End XCBuildConfiguration section */

/* Begin XCConfigurationList section */
		1A414A5A21C2226E00B28C09 /* Build configuration list for PBXProject "CKB" */ = {
			isa = XCConfigurationList;
			buildConfigurations = (
				1A414A7221C2226E00B28C09 /* Debug */,
				1A414A7321C2226E00B28C09 /* Release */,
			);
			defaultConfigurationIsVisible = 0;
			defaultConfigurationName = Release;
		};
		1A414A7421C2226E00B28C09 /* Build configuration list for PBXNativeTarget "CKB" */ = {
			isa = XCConfigurationList;
			buildConfigurations = (
				1A414A7521C2226E00B28C09 /* Debug */,
				1A414A7621C2226E00B28C09 /* Release */,
			);
			defaultConfigurationIsVisible = 0;
			defaultConfigurationName = Release;
		};
		1A414A7721C2226E00B28C09 /* Build configuration list for PBXNativeTarget "CKBTests" */ = {
			isa = XCConfigurationList;
			buildConfigurations = (
				1A414A7821C2226E00B28C09 /* Debug */,
				1A414A7921C2226E00B28C09 /* Release */,
			);
			defaultConfigurationIsVisible = 0;
			defaultConfigurationName = Release;
		};
/* End XCConfigurationList section */
	};
	rootObject = 1A414A5721C2226E00B28C09 /* Project object */;
}
