// !$*UTF8*$!
{
	archiveVersion = 1;
	classes = {
	};
	objectVersion = 51;
	objects = {

/* Begin PBXBuildFile section */
		1A11347E2228D14300840EE8 /* Node.swift in Sources */ = {isa = PBXBuildFile; fileRef = 1A11347D2228D14300840EE8 /* Node.swift */; };
		1A199DEB22BA3225000C0C34 /* LockHashIndexState.swift in Sources */ = {isa = PBXBuildFile; fileRef = 1A199DEA22BA3225000C0C34 /* LockHashIndexState.swift */; };
		1A199DEC22BA3526000C0C34 /* getLiveCellsByLockHash.json in Resources */ = {isa = PBXBuildFile; fileRef = 1AB7517122BA273600AC9F63 /* getLiveCellsByLockHash.json */; };
		1A199DED22BA352D000C0C34 /* getTransactionsByLockHash.json in Resources */ = {isa = PBXBuildFile; fileRef = 1A199DE222BA2781000C0C34 /* getTransactionsByLockHash.json */; };
		1A199DEE22BA352D000C0C34 /* indexLockHash.json in Resources */ = {isa = PBXBuildFile; fileRef = 1A199DE422BA2809000C0C34 /* indexLockHash.json */; };
		1A199DEF22BA352D000C0C34 /* deindexLockHash.json in Resources */ = {isa = PBXBuildFile; fileRef = 1A199DE622BA281D000C0C34 /* deindexLockHash.json */; };
		1A199DF022BA352D000C0C34 /* getLockHashIndexStates.json in Resources */ = {isa = PBXBuildFile; fileRef = 1A199DE822BA283B000C0C34 /* getLockHashIndexStates.json */; };
		1A1C826A222F5D5D0053EC32 /* Blake2b.swift in Sources */ = {isa = PBXBuildFile; fileRef = 1A1C8269222F5D5D0053EC32 /* Blake2b.swift */; };
		1A2188742288FC1700F613CF /* DryRunResult.swift in Sources */ = {isa = PBXBuildFile; fileRef = 1A2188732288FC1700F613CF /* DryRunResult.swift */; };
		1A2CDAE1228171180024CA71 /* Epoch.swift in Sources */ = {isa = PBXBuildFile; fileRef = 1A2CDAE0228171180024CA71 /* Epoch.swift */; };
		1A2D6B1C22A35C3500724E66 /* CKB.framework in Frameworks */ = {isa = PBXBuildFile; fileRef = 1A414A6021C2226E00B28C09 /* CKB.framework */; };
		1A2D6B2322A35C4B00724E66 /* TestHelper.swift in Sources */ = {isa = PBXBuildFile; fileRef = 1A5BCB9B228C474200157426 /* TestHelper.swift */; };
		1A2D6B2422A35C4F00724E66 /* UtilsTests.swift in Sources */ = {isa = PBXBuildFile; fileRef = 1A414AA421C7713800B28C09 /* UtilsTests.swift */; };
		1A2D6B2522A35C4F00724E66 /* AddressGeneratorTests.swift in Sources */ = {isa = PBXBuildFile; fileRef = 1AD31960225DBD8A00F41790 /* AddressGeneratorTests.swift */; };
		1A2D6B2622A35C4F00724E66 /* SystemScriptTests.swift in Sources */ = {isa = PBXBuildFile; fileRef = 1AD96321228D2BF400684FBB /* SystemScriptTests.swift */; };
		1A2D6B2722A35C5300724E66 /* TransactionSignTests.swift in Sources */ = {isa = PBXBuildFile; fileRef = 1A5BCBB5228C6BB400157426 /* TransactionSignTests.swift */; };
		1A2D6B2822A35C5A00724E66 /* genesisBlockHash.json in Resources */ = {isa = PBXBuildFile; fileRef = 1A58F4382276939D00C6546F /* genesisBlockHash.json */; };
		1A2D6B2922A35C5A00724E66 /* genesisBlock.json in Resources */ = {isa = PBXBuildFile; fileRef = 1A58F43A227694D400C6546F /* genesisBlock.json */; };
		1A2D6B2A22A35C5A00724E66 /* epoch.json in Resources */ = {isa = PBXBuildFile; fileRef = 1A2CDAE22281796D0024CA71 /* epoch.json */; };
		1A2D6B2B22A35C5A00724E66 /* transaction.json in Resources */ = {isa = PBXBuildFile; fileRef = 1A58F43C2276981700C6546F /* transaction.json */; };
		1A2D6B2C22A35C5A00724E66 /* header.json in Resources */ = {isa = PBXBuildFile; fileRef = 1A58F43E2276994000C6546F /* header.json */; };
		1A2D6B2D22A35C5A00724E66 /* tipBlockNumber.json in Resources */ = {isa = PBXBuildFile; fileRef = 1A58F4402276998900C6546F /* tipBlockNumber.json */; };
		1A2D6B2E22A35C5A00724E66 /* sendTransactionEmpty.json in Resources */ = {isa = PBXBuildFile; fileRef = 1A58F442227699D400C6546F /* sendTransactionEmpty.json */; };
		1A2D6B2F22A35C5A00724E66 /* localNodeInfo.json in Resources */ = {isa = PBXBuildFile; fileRef = 1A58F44422769A0600C6546F /* localNodeInfo.json */; };
		1A2D6B3022A35C5A00724E66 /* peers.json in Resources */ = {isa = PBXBuildFile; fileRef = 1A4AEBDE2282EF7500F0D576 /* peers.json */; };
		1A2D6B3122A35C5A00724E66 /* liveCellEmpty.json in Resources */ = {isa = PBXBuildFile; fileRef = 1A58F44822769C7900C6546F /* liveCellEmpty.json */; };
		1A2D6B3222A35C5A00724E66 /* txPoolInfo.json in Resources */ = {isa = PBXBuildFile; fileRef = 1A4AEBDC2282EC9700F0D576 /* txPoolInfo.json */; };
		1A2D6B3322A35C5A00724E66 /* blockchainInfo.json in Resources */ = {isa = PBXBuildFile; fileRef = 1AA9B6872283D10E00C116B2 /* blockchainInfo.json */; };
		1A2D6B3422A35C5A00724E66 /* peersState.json in Resources */ = {isa = PBXBuildFile; fileRef = 1AA9B6892283D15600C116B2 /* peersState.json */; };
		1A2D6B3522A35C5A00724E66 /* dryRunTransaction.json in Resources */ = {isa = PBXBuildFile; fileRef = 1A2188752288FC7B00F613CF /* dryRunTransaction.json */; };
		1A2D6B3622A35C5A00724E66 /* computeTransactionHash.json in Resources */ = {isa = PBXBuildFile; fileRef = 1A2188772288FEC800F613CF /* computeTransactionHash.json */; };
		1A2D6B3722A35C5A00724E66 /* APIClientTests.swift in Sources */ = {isa = PBXBuildFile; fileRef = 1A414A7C21C23A3900B28C09 /* APIClientTests.swift */; };
		1A2D6B3822A35C5A00724E66 /* APIMockingTests.swift in Sources */ = {isa = PBXBuildFile; fileRef = 1A58F4362276904900C6546F /* APIMockingTests.swift */; };
		1A2D6B3922A35C5D00724E66 /* ScriptTests.swift in Sources */ = {isa = PBXBuildFile; fileRef = 1A28119621D3805800E7CEC5 /* ScriptTests.swift */; };
		1A2D6B3A22A35C6400724E66 /* ecdsa_sig.json in Resources */ = {isa = PBXBuildFile; fileRef = 1A5BCB99228C3C4C00157426 /* ecdsa_sig.json */; };
		1A2D6B3B22A35C6400724E66 /* pubkey.json in Resources */ = {isa = PBXBuildFile; fileRef = 1A5BCBAF228C53C000157426 /* pubkey.json */; };
		1A2D6B3C22A35C6400724E66 /* Secp256k1Tests.swift in Sources */ = {isa = PBXBuildFile; fileRef = 1AB45ED9222AA644009B395B /* Secp256k1Tests.swift */; };
		1A2D6B3D22A35C6400724E66 /* Blake2bTests.swift in Sources */ = {isa = PBXBuildFile; fileRef = 1A1C826B222F5D7B0053EC32 /* Blake2bTests.swift */; };
		1A38CA6422768E7900BEA1F3 /* APIMockingClient.swift in Sources */ = {isa = PBXBuildFile; fileRef = 1A38CA6322768E7900BEA1F3 /* APIMockingClient.swift */; };
		1A414A7121C2226E00B28C09 /* CKB.h in Headers */ = {isa = PBXBuildFile; fileRef = 1A414A6321C2226E00B28C09 /* CKB.h */; settings = {ATTRIBUTES = (Public, ); }; };
		1A414A7B21C22A9300B28C09 /* APIClient.swift in Sources */ = {isa = PBXBuildFile; fileRef = 1A414A7A21C22A9300B28C09 /* APIClient.swift */; };
		1A414A8121C32D4B00B28C09 /* APIResult.swift in Sources */ = {isa = PBXBuildFile; fileRef = 1A414A8021C32D4B00B28C09 /* APIResult.swift */; };
		1A414A8321C334EB00B28C09 /* APIRequest.swift in Sources */ = {isa = PBXBuildFile; fileRef = 1A414A8221C334EB00B28C09 /* APIRequest.swift */; };
		1A414A8821C36FCF00B28C09 /* Header.swift in Sources */ = {isa = PBXBuildFile; fileRef = 1A414A8721C36FCF00B28C09 /* Header.swift */; };
		1A414A8A21C36FE900B28C09 /* Block.swift in Sources */ = {isa = PBXBuildFile; fileRef = 1A414A8921C36FE900B28C09 /* Block.swift */; };
		1A414A8C21C3714E00B28C09 /* Transaction.swift in Sources */ = {isa = PBXBuildFile; fileRef = 1A414A8B21C3714E00B28C09 /* Transaction.swift */; };
		1A414A8E21C3722300B28C09 /* CellInput.swift in Sources */ = {isa = PBXBuildFile; fileRef = 1A414A8D21C3722300B28C09 /* CellInput.swift */; };
		1A414A9021C3723E00B28C09 /* CellOutput.swift in Sources */ = {isa = PBXBuildFile; fileRef = 1A414A8F21C3723E00B28C09 /* CellOutput.swift */; };
		1A414A9221C3725300B28C09 /* OutPoint.swift in Sources */ = {isa = PBXBuildFile; fileRef = 1A414A9121C3725300B28C09 /* OutPoint.swift */; };
		1A414A9421C3789000B28C09 /* Primitives.swift in Sources */ = {isa = PBXBuildFile; fileRef = 1A414A9321C3789000B28C09 /* Primitives.swift */; };
		1A414A9621C37AA000B28C09 /* Script.swift in Sources */ = {isa = PBXBuildFile; fileRef = 1A414A9521C37AA000B28C09 /* Script.swift */; };
		1A414A9A21C3879500B28C09 /* Cell.swift in Sources */ = {isa = PBXBuildFile; fileRef = 1A414A9921C3879500B28C09 /* Cell.swift */; };
		1A414AA021C770DD00B28C09 /* Utils.swift in Sources */ = {isa = PBXBuildFile; fileRef = 1A414A9F21C770DD00B28C09 /* Utils.swift */; };
		1A4A4BAB22A6BF40003DC827 /* CellOutputTests.swift in Sources */ = {isa = PBXBuildFile; fileRef = 1A4A4BAA22A6BF40003DC827 /* CellOutputTests.swift */; };
		1A4A4BAD22A6C154003DC827 /* CellInputTests.swift in Sources */ = {isa = PBXBuildFile; fileRef = 1A4A4BAC22A6C154003DC827 /* CellInputTests.swift */; };
		1A4A4BAF22A6C2EB003DC827 /* WitnessTests.swift in Sources */ = {isa = PBXBuildFile; fileRef = 1A4A4BAE22A6C2EB003DC827 /* WitnessTests.swift */; };
		1A4A4BB122A6C445003DC827 /* TransactionTests.swift in Sources */ = {isa = PBXBuildFile; fileRef = 1A4A4BB022A6C445003DC827 /* TransactionTests.swift */; };
		1A4A4BB322A6C5F0003DC827 /* APIErrorTests.swift in Sources */ = {isa = PBXBuildFile; fileRef = 1A4A4BB222A6C5F0003DC827 /* APIErrorTests.swift */; };
		1A4A4BB522A6C64B003DC827 /* APIError.swift in Sources */ = {isa = PBXBuildFile; fileRef = 1A4A4BB422A6C64B003DC827 /* APIError.swift */; };
		1A4A4BB722A6CA4C003DC827 /* APIMockingClientTests.swift in Sources */ = {isa = PBXBuildFile; fileRef = 1A4A4BB622A6CA4C003DC827 /* APIMockingClientTests.swift */; };
		1A4A4BBB22A6D152003DC827 /* APIRequestTests.swift in Sources */ = {isa = PBXBuildFile; fileRef = 1A4A4BBA22A6D152003DC827 /* APIRequestTests.swift */; };
		1A4AEBDB2282EB0100F0D576 /* TxPoolInfo.swift in Sources */ = {isa = PBXBuildFile; fileRef = 1A4AEBDA2282EB0100F0D576 /* TxPoolInfo.swift */; };
		1A54E26122EEA9DE008CF6C3 /* setBan.json in Resources */ = {isa = PBXBuildFile; fileRef = 1A55D39C22EEA7CC00E2B8DE /* setBan.json */; };
		1A54E26222EEA9E1008CF6C3 /* getBannedAddresses.json in Resources */ = {isa = PBXBuildFile; fileRef = 1A55D39E22EEA7F300E2B8DE /* getBannedAddresses.json */; };
		1A54E26822EEB5BA008CF6C3 /* blockReward.json in Resources */ = {isa = PBXBuildFile; fileRef = 1A54E26722EEB5BA008CF6C3 /* blockReward.json */; };
		1A5BCBB3228C571200157426 /* Transaction+Sign.swift in Sources */ = {isa = PBXBuildFile; fileRef = 1A5BCBB2228C571200157426 /* Transaction+Sign.swift */; };
		1AA3B83F22EEBAFA00027520 /* BannedAddress.swift in Sources */ = {isa = PBXBuildFile; fileRef = 1AA3B83D22EEBAFA00027520 /* BannedAddress.swift */; };
		1AA3B84222EEBB4800027520 /* BlockReward.swift in Sources */ = {isa = PBXBuildFile; fileRef = 1AA3B84122EEBB4800027520 /* BlockReward.swift */; };
		1AA9B6842283CD4C00C116B2 /* ChainInfo.swift in Sources */ = {isa = PBXBuildFile; fileRef = 1AA9B6832283CD4C00C116B2 /* ChainInfo.swift */; };
		1AA9B6862283CE4500C116B2 /* PeerState.swift in Sources */ = {isa = PBXBuildFile; fileRef = 1AA9B6852283CE4500C116B2 /* PeerState.swift */; };
		1AB45ED7222AA558009B395B /* Secp256k1.swift in Sources */ = {isa = PBXBuildFile; fileRef = 1AB45ED6222AA558009B395B /* Secp256k1.swift */; };
		1AB7516422B9F25F00AC9F63 /* APIClient+Chain.swift in Sources */ = {isa = PBXBuildFile; fileRef = 1AB7516322B9F25F00AC9F63 /* APIClient+Chain.swift */; };
		1AB7516622B9F2A100AC9F63 /* APIClient+Net.swift in Sources */ = {isa = PBXBuildFile; fileRef = 1AB7516522B9F2A100AC9F63 /* APIClient+Net.swift */; };
		1AB7516822B9F2DB00AC9F63 /* APIClient+Pool.swift in Sources */ = {isa = PBXBuildFile; fileRef = 1AB7516722B9F2DB00AC9F63 /* APIClient+Pool.swift */; };
		1AB7516A22B9F30200AC9F63 /* APIClient+Stats.swift in Sources */ = {isa = PBXBuildFile; fileRef = 1AB7516922B9F30200AC9F63 /* APIClient+Stats.swift */; };
		1AB7516C22B9F32700AC9F63 /* APIClient+Experiment.swift in Sources */ = {isa = PBXBuildFile; fileRef = 1AB7516B22B9F32700AC9F63 /* APIClient+Experiment.swift */; };
		1AB7516E22BA0F7100AC9F63 /* AlertMessage.swift in Sources */ = {isa = PBXBuildFile; fileRef = 1AB7516D22BA0F7100AC9F63 /* AlertMessage.swift */; };
		1AB7517022BA263C00AC9F63 /* APIClient+Indexer.swift in Sources */ = {isa = PBXBuildFile; fileRef = 1AB7516F22BA263C00AC9F63 /* APIClient+Indexer.swift */; };
		1AC180912264634E00D243D9 /* Bech32.swift in Sources */ = {isa = PBXBuildFile; fileRef = 1AC180902264634E00D243D9 /* Bech32.swift */; };
		1AD01E09230F694B0005199E /* computeScriptHash.json in Resources */ = {isa = PBXBuildFile; fileRef = 1AD01E08230F694B0005199E /* computeScriptHash.json */; };
		1AD3195D225DBA0B00F41790 /* AddressGenerator.swift in Sources */ = {isa = PBXBuildFile; fileRef = 1AD3195C225DBA0B00F41790 /* AddressGenerator.swift */; };
		1AD3195F225DBCB300F41790 /* Network.swift in Sources */ = {isa = PBXBuildFile; fileRef = 1AD3195E225DBCB300F41790 /* Network.swift */; };
		1AD96320228D24FB00684FBB /* SystemScript.swift in Sources */ = {isa = PBXBuildFile; fileRef = 1AD9631F228D24FB00684FBB /* SystemScript.swift */; };
		1AE7C62C2251BCA9003FA254 /* Witness.swift in Sources */ = {isa = PBXBuildFile; fileRef = 1AE7C62B2251BCA9003FA254 /* Witness.swift */; };
		2D6EA000E9B8936CB81356CC /* Pods_CKB.framework in Frameworks */ = {isa = PBXBuildFile; fileRef = 6F4BD554CBEED5D384A1C737 /* Pods_CKB.framework */; };
		C5FC62F40419407D3FC2BB33 /* Pods_CKBTests.framework in Frameworks */ = {isa = PBXBuildFile; fileRef = 6FD2179DE52A415B08B8D134 /* Pods_CKBTests.framework */; };
		D5B02A91230A8030006B4189 /* CellDep.swift in Sources */ = {isa = PBXBuildFile; fileRef = D5B02A90230A8030006B4189 /* CellDep.swift */; };
/* End PBXBuildFile section */

/* Begin PBXContainerItemProxy section */
		1A2D6B1D22A35C3500724E66 /* PBXContainerItemProxy */ = {
			isa = PBXContainerItemProxy;
			containerPortal = 1A414A5721C2226E00B28C09 /* Project object */;
			proxyType = 1;
			remoteGlobalIDString = 1A414A5F21C2226E00B28C09;
			remoteInfo = CKB;
		};
/* End PBXContainerItemProxy section */

/* Begin PBXFileReference section */
		1A11347D2228D14300840EE8 /* Node.swift */ = {isa = PBXFileReference; lastKnownFileType = sourcecode.swift; path = Node.swift; sourceTree = "<group>"; };
		1A199DE222BA2781000C0C34 /* getTransactionsByLockHash.json */ = {isa = PBXFileReference; lastKnownFileType = text.json; path = getTransactionsByLockHash.json; sourceTree = "<group>"; };
		1A199DE422BA2809000C0C34 /* indexLockHash.json */ = {isa = PBXFileReference; lastKnownFileType = text.json; path = indexLockHash.json; sourceTree = "<group>"; };
		1A199DE622BA281D000C0C34 /* deindexLockHash.json */ = {isa = PBXFileReference; lastKnownFileType = text.json; path = deindexLockHash.json; sourceTree = "<group>"; };
		1A199DE822BA283B000C0C34 /* getLockHashIndexStates.json */ = {isa = PBXFileReference; lastKnownFileType = text.json; path = getLockHashIndexStates.json; sourceTree = "<group>"; };
		1A199DEA22BA3225000C0C34 /* LockHashIndexState.swift */ = {isa = PBXFileReference; lastKnownFileType = sourcecode.swift; path = LockHashIndexState.swift; sourceTree = "<group>"; };
		1A1C8269222F5D5D0053EC32 /* Blake2b.swift */ = {isa = PBXFileReference; lastKnownFileType = sourcecode.swift; path = Blake2b.swift; sourceTree = "<group>"; };
		1A1C826B222F5D7B0053EC32 /* Blake2bTests.swift */ = {isa = PBXFileReference; lastKnownFileType = sourcecode.swift; path = Blake2bTests.swift; sourceTree = "<group>"; };
		1A2188732288FC1700F613CF /* DryRunResult.swift */ = {isa = PBXFileReference; lastKnownFileType = sourcecode.swift; path = DryRunResult.swift; sourceTree = "<group>"; };
		1A2188752288FC7B00F613CF /* dryRunTransaction.json */ = {isa = PBXFileReference; lastKnownFileType = text.json; path = dryRunTransaction.json; sourceTree = "<group>"; };
		1A2188772288FEC800F613CF /* computeTransactionHash.json */ = {isa = PBXFileReference; lastKnownFileType = text.json; path = computeTransactionHash.json; sourceTree = "<group>"; };
		1A28119621D3805800E7CEC5 /* ScriptTests.swift */ = {isa = PBXFileReference; lastKnownFileType = sourcecode.swift; path = ScriptTests.swift; sourceTree = "<group>"; };
		1A2CDAE0228171180024CA71 /* Epoch.swift */ = {isa = PBXFileReference; lastKnownFileType = sourcecode.swift; path = Epoch.swift; sourceTree = "<group>"; };
		1A2CDAE22281796D0024CA71 /* epoch.json */ = {isa = PBXFileReference; lastKnownFileType = text.json; path = epoch.json; sourceTree = "<group>"; };
		1A2D6B1722A35C3500724E66 /* CKBTests.xctest */ = {isa = PBXFileReference; explicitFileType = wrapper.cfbundle; includeInIndex = 0; path = CKBTests.xctest; sourceTree = BUILT_PRODUCTS_DIR; };
		1A2D6B1B22A35C3500724E66 /* Info.plist */ = {isa = PBXFileReference; lastKnownFileType = text.plist.xml; path = Info.plist; sourceTree = "<group>"; };
		1A38CA6322768E7900BEA1F3 /* APIMockingClient.swift */ = {isa = PBXFileReference; lastKnownFileType = sourcecode.swift; path = APIMockingClient.swift; sourceTree = "<group>"; };
		1A414A6021C2226E00B28C09 /* CKB.framework */ = {isa = PBXFileReference; explicitFileType = wrapper.framework; includeInIndex = 0; path = CKB.framework; sourceTree = BUILT_PRODUCTS_DIR; };
		1A414A6321C2226E00B28C09 /* CKB.h */ = {isa = PBXFileReference; lastKnownFileType = sourcecode.c.h; path = CKB.h; sourceTree = "<group>"; };
		1A414A6421C2226E00B28C09 /* Info.plist */ = {isa = PBXFileReference; lastKnownFileType = text.plist.xml; path = Info.plist; sourceTree = "<group>"; };
		1A414A7A21C22A9300B28C09 /* APIClient.swift */ = {isa = PBXFileReference; lastKnownFileType = sourcecode.swift; path = APIClient.swift; sourceTree = "<group>"; };
		1A414A7C21C23A3900B28C09 /* APIClientTests.swift */ = {isa = PBXFileReference; lastKnownFileType = sourcecode.swift; path = APIClientTests.swift; sourceTree = "<group>"; };
		1A414A8021C32D4B00B28C09 /* APIResult.swift */ = {isa = PBXFileReference; lastKnownFileType = sourcecode.swift; path = APIResult.swift; sourceTree = "<group>"; };
		1A414A8221C334EB00B28C09 /* APIRequest.swift */ = {isa = PBXFileReference; lastKnownFileType = sourcecode.swift; path = APIRequest.swift; sourceTree = "<group>"; };
		1A414A8721C36FCF00B28C09 /* Header.swift */ = {isa = PBXFileReference; lastKnownFileType = sourcecode.swift; path = Header.swift; sourceTree = "<group>"; };
		1A414A8921C36FE900B28C09 /* Block.swift */ = {isa = PBXFileReference; lastKnownFileType = sourcecode.swift; path = Block.swift; sourceTree = "<group>"; };
		1A414A8B21C3714E00B28C09 /* Transaction.swift */ = {isa = PBXFileReference; lastKnownFileType = sourcecode.swift; path = Transaction.swift; sourceTree = "<group>"; };
		1A414A8D21C3722300B28C09 /* CellInput.swift */ = {isa = PBXFileReference; lastKnownFileType = sourcecode.swift; path = CellInput.swift; sourceTree = "<group>"; };
		1A414A8F21C3723E00B28C09 /* CellOutput.swift */ = {isa = PBXFileReference; lastKnownFileType = sourcecode.swift; path = CellOutput.swift; sourceTree = "<group>"; };
		1A414A9121C3725300B28C09 /* OutPoint.swift */ = {isa = PBXFileReference; lastKnownFileType = sourcecode.swift; path = OutPoint.swift; sourceTree = "<group>"; };
		1A414A9321C3789000B28C09 /* Primitives.swift */ = {isa = PBXFileReference; lastKnownFileType = sourcecode.swift; path = Primitives.swift; sourceTree = "<group>"; };
		1A414A9521C37AA000B28C09 /* Script.swift */ = {isa = PBXFileReference; lastKnownFileType = sourcecode.swift; path = Script.swift; sourceTree = "<group>"; };
		1A414A9921C3879500B28C09 /* Cell.swift */ = {isa = PBXFileReference; lastKnownFileType = sourcecode.swift; path = Cell.swift; sourceTree = "<group>"; };
		1A414A9F21C770DD00B28C09 /* Utils.swift */ = {isa = PBXFileReference; lastKnownFileType = sourcecode.swift; path = Utils.swift; sourceTree = "<group>"; };
		1A414AA421C7713800B28C09 /* UtilsTests.swift */ = {isa = PBXFileReference; lastKnownFileType = sourcecode.swift; path = UtilsTests.swift; sourceTree = "<group>"; };
		1A4A4BAA22A6BF40003DC827 /* CellOutputTests.swift */ = {isa = PBXFileReference; lastKnownFileType = sourcecode.swift; path = CellOutputTests.swift; sourceTree = "<group>"; };
		1A4A4BAC22A6C154003DC827 /* CellInputTests.swift */ = {isa = PBXFileReference; lastKnownFileType = sourcecode.swift; path = CellInputTests.swift; sourceTree = "<group>"; };
		1A4A4BAE22A6C2EB003DC827 /* WitnessTests.swift */ = {isa = PBXFileReference; lastKnownFileType = sourcecode.swift; path = WitnessTests.swift; sourceTree = "<group>"; };
		1A4A4BB022A6C445003DC827 /* TransactionTests.swift */ = {isa = PBXFileReference; lastKnownFileType = sourcecode.swift; path = TransactionTests.swift; sourceTree = "<group>"; };
		1A4A4BB222A6C5F0003DC827 /* APIErrorTests.swift */ = {isa = PBXFileReference; lastKnownFileType = sourcecode.swift; path = APIErrorTests.swift; sourceTree = "<group>"; };
		1A4A4BB422A6C64B003DC827 /* APIError.swift */ = {isa = PBXFileReference; lastKnownFileType = sourcecode.swift; path = APIError.swift; sourceTree = "<group>"; };
		1A4A4BB622A6CA4C003DC827 /* APIMockingClientTests.swift */ = {isa = PBXFileReference; lastKnownFileType = sourcecode.swift; path = APIMockingClientTests.swift; sourceTree = "<group>"; };
		1A4A4BBA22A6D152003DC827 /* APIRequestTests.swift */ = {isa = PBXFileReference; lastKnownFileType = sourcecode.swift; path = APIRequestTests.swift; sourceTree = "<group>"; };
		1A4AEBDA2282EB0100F0D576 /* TxPoolInfo.swift */ = {isa = PBXFileReference; lastKnownFileType = sourcecode.swift; path = TxPoolInfo.swift; sourceTree = "<group>"; };
		1A4AEBDC2282EC9700F0D576 /* txPoolInfo.json */ = {isa = PBXFileReference; lastKnownFileType = text.json; path = txPoolInfo.json; sourceTree = "<group>"; };
		1A4AEBDE2282EF7500F0D576 /* peers.json */ = {isa = PBXFileReference; lastKnownFileType = text.json; path = peers.json; sourceTree = "<group>"; };
		1A54E26722EEB5BA008CF6C3 /* blockReward.json */ = {isa = PBXFileReference; lastKnownFileType = text.json; path = blockReward.json; sourceTree = "<group>"; };
		1A55D39C22EEA7CC00E2B8DE /* setBan.json */ = {isa = PBXFileReference; lastKnownFileType = text.json; path = setBan.json; sourceTree = "<group>"; };
		1A55D39E22EEA7F300E2B8DE /* getBannedAddresses.json */ = {isa = PBXFileReference; lastKnownFileType = text.json; path = getBannedAddresses.json; sourceTree = "<group>"; };
		1A58F4362276904900C6546F /* APIMockingTests.swift */ = {isa = PBXFileReference; lastKnownFileType = sourcecode.swift; path = APIMockingTests.swift; sourceTree = "<group>"; };
		1A58F4382276939D00C6546F /* genesisBlockHash.json */ = {isa = PBXFileReference; lastKnownFileType = text.json; path = genesisBlockHash.json; sourceTree = "<group>"; };
		1A58F43A227694D400C6546F /* genesisBlock.json */ = {isa = PBXFileReference; lastKnownFileType = text.json; path = genesisBlock.json; sourceTree = "<group>"; };
		1A58F43C2276981700C6546F /* transaction.json */ = {isa = PBXFileReference; lastKnownFileType = text.json; path = transaction.json; sourceTree = "<group>"; };
		1A58F43E2276994000C6546F /* header.json */ = {isa = PBXFileReference; lastKnownFileType = text.json; path = header.json; sourceTree = "<group>"; };
		1A58F4402276998900C6546F /* tipBlockNumber.json */ = {isa = PBXFileReference; lastKnownFileType = text.json; path = tipBlockNumber.json; sourceTree = "<group>"; };
		1A58F442227699D400C6546F /* sendTransactionEmpty.json */ = {isa = PBXFileReference; lastKnownFileType = text.json; path = sendTransactionEmpty.json; sourceTree = "<group>"; };
		1A58F44422769A0600C6546F /* localNodeInfo.json */ = {isa = PBXFileReference; lastKnownFileType = text.json; path = localNodeInfo.json; sourceTree = "<group>"; };
		1A58F44822769C7900C6546F /* liveCellEmpty.json */ = {isa = PBXFileReference; lastKnownFileType = text.json; path = liveCellEmpty.json; sourceTree = "<group>"; };
		1A5BCB99228C3C4C00157426 /* ecdsa_sig.json */ = {isa = PBXFileReference; fileEncoding = 4; lastKnownFileType = text.json; path = ecdsa_sig.json; sourceTree = "<group>"; };
		1A5BCB9B228C474200157426 /* TestHelper.swift */ = {isa = PBXFileReference; lastKnownFileType = sourcecode.swift; path = TestHelper.swift; sourceTree = "<group>"; };
		1A5BCBAF228C53C000157426 /* pubkey.json */ = {isa = PBXFileReference; fileEncoding = 4; lastKnownFileType = text.json; path = pubkey.json; sourceTree = "<group>"; };
		1A5BCBB2228C571200157426 /* Transaction+Sign.swift */ = {isa = PBXFileReference; lastKnownFileType = sourcecode.swift; path = "Transaction+Sign.swift"; sourceTree = "<group>"; };
		1A5BCBB5228C6BB400157426 /* TransactionSignTests.swift */ = {isa = PBXFileReference; lastKnownFileType = sourcecode.swift; path = TransactionSignTests.swift; sourceTree = "<group>"; };
		1AA3B83D22EEBAFA00027520 /* BannedAddress.swift */ = {isa = PBXFileReference; fileEncoding = 4; lastKnownFileType = sourcecode.swift; path = BannedAddress.swift; sourceTree = "<group>"; };
		1AA3B84122EEBB4800027520 /* BlockReward.swift */ = {isa = PBXFileReference; fileEncoding = 4; lastKnownFileType = sourcecode.swift; path = BlockReward.swift; sourceTree = "<group>"; };
		1AA9B6832283CD4C00C116B2 /* ChainInfo.swift */ = {isa = PBXFileReference; lastKnownFileType = sourcecode.swift; path = ChainInfo.swift; sourceTree = "<group>"; };
		1AA9B6852283CE4500C116B2 /* PeerState.swift */ = {isa = PBXFileReference; lastKnownFileType = sourcecode.swift; path = PeerState.swift; sourceTree = "<group>"; };
		1AA9B6872283D10E00C116B2 /* blockchainInfo.json */ = {isa = PBXFileReference; lastKnownFileType = text.json; path = blockchainInfo.json; sourceTree = "<group>"; };
		1AA9B6892283D15600C116B2 /* peersState.json */ = {isa = PBXFileReference; lastKnownFileType = text.json; path = peersState.json; sourceTree = "<group>"; };
		1AB45ED6222AA558009B395B /* Secp256k1.swift */ = {isa = PBXFileReference; lastKnownFileType = sourcecode.swift; path = Secp256k1.swift; sourceTree = "<group>"; };
		1AB45ED9222AA644009B395B /* Secp256k1Tests.swift */ = {isa = PBXFileReference; lastKnownFileType = sourcecode.swift; path = Secp256k1Tests.swift; sourceTree = "<group>"; };
		1AB7516322B9F25F00AC9F63 /* APIClient+Chain.swift */ = {isa = PBXFileReference; lastKnownFileType = sourcecode.swift; path = "APIClient+Chain.swift"; sourceTree = "<group>"; };
		1AB7516522B9F2A100AC9F63 /* APIClient+Net.swift */ = {isa = PBXFileReference; lastKnownFileType = sourcecode.swift; path = "APIClient+Net.swift"; sourceTree = "<group>"; };
		1AB7516722B9F2DB00AC9F63 /* APIClient+Pool.swift */ = {isa = PBXFileReference; lastKnownFileType = sourcecode.swift; path = "APIClient+Pool.swift"; sourceTree = "<group>"; };
		1AB7516922B9F30200AC9F63 /* APIClient+Stats.swift */ = {isa = PBXFileReference; lastKnownFileType = sourcecode.swift; path = "APIClient+Stats.swift"; sourceTree = "<group>"; };
		1AB7516B22B9F32700AC9F63 /* APIClient+Experiment.swift */ = {isa = PBXFileReference; lastKnownFileType = sourcecode.swift; path = "APIClient+Experiment.swift"; sourceTree = "<group>"; };
		1AB7516D22BA0F7100AC9F63 /* AlertMessage.swift */ = {isa = PBXFileReference; lastKnownFileType = sourcecode.swift; path = AlertMessage.swift; sourceTree = "<group>"; };
		1AB7516F22BA263C00AC9F63 /* APIClient+Indexer.swift */ = {isa = PBXFileReference; lastKnownFileType = sourcecode.swift; path = "APIClient+Indexer.swift"; sourceTree = "<group>"; };
		1AB7517122BA273600AC9F63 /* getLiveCellsByLockHash.json */ = {isa = PBXFileReference; lastKnownFileType = text.json; path = getLiveCellsByLockHash.json; sourceTree = "<group>"; };
		1AC180902264634E00D243D9 /* Bech32.swift */ = {isa = PBXFileReference; lastKnownFileType = sourcecode.swift; path = Bech32.swift; sourceTree = "<group>"; };
		1AC180922264672B00D243D9 /* Bech32Tests.swift */ = {isa = PBXFileReference; lastKnownFileType = sourcecode.swift; path = Bech32Tests.swift; sourceTree = "<group>"; };
		1AD01E08230F694B0005199E /* computeScriptHash.json */ = {isa = PBXFileReference; lastKnownFileType = text.json; path = computeScriptHash.json; sourceTree = "<group>"; };
		1AD3195C225DBA0B00F41790 /* AddressGenerator.swift */ = {isa = PBXFileReference; lastKnownFileType = sourcecode.swift; path = AddressGenerator.swift; sourceTree = "<group>"; };
		1AD3195E225DBCB300F41790 /* Network.swift */ = {isa = PBXFileReference; lastKnownFileType = sourcecode.swift; path = Network.swift; sourceTree = "<group>"; };
		1AD31960225DBD8A00F41790 /* AddressGeneratorTests.swift */ = {isa = PBXFileReference; lastKnownFileType = sourcecode.swift; path = AddressGeneratorTests.swift; sourceTree = "<group>"; };
		1AD9631F228D24FB00684FBB /* SystemScript.swift */ = {isa = PBXFileReference; lastKnownFileType = sourcecode.swift; path = SystemScript.swift; sourceTree = "<group>"; };
		1AD96321228D2BF400684FBB /* SystemScriptTests.swift */ = {isa = PBXFileReference; lastKnownFileType = sourcecode.swift; path = SystemScriptTests.swift; sourceTree = "<group>"; };
		1AE7C62B2251BCA9003FA254 /* Witness.swift */ = {isa = PBXFileReference; lastKnownFileType = sourcecode.swift; path = Witness.swift; sourceTree = "<group>"; };
		3280C4848C7A8236CA5F4CD8 /* Pods-CKBTests.debug.xcconfig */ = {isa = PBXFileReference; includeInIndex = 1; lastKnownFileType = text.xcconfig; name = "Pods-CKBTests.debug.xcconfig"; path = "Pods/Target Support Files/Pods-CKBTests/Pods-CKBTests.debug.xcconfig"; sourceTree = "<group>"; };
		5CAEE4335089142E8F3ECC55 /* Pods-CKBTests.release.xcconfig */ = {isa = PBXFileReference; includeInIndex = 1; lastKnownFileType = text.xcconfig; name = "Pods-CKBTests.release.xcconfig"; path = "Pods/Target Support Files/Pods-CKBTests/Pods-CKBTests.release.xcconfig"; sourceTree = "<group>"; };
		5CD9DB4E09DDB6450D81BC6F /* Pods-CKB.debug.xcconfig */ = {isa = PBXFileReference; includeInIndex = 1; lastKnownFileType = text.xcconfig; name = "Pods-CKB.debug.xcconfig"; path = "Pods/Target Support Files/Pods-CKB/Pods-CKB.debug.xcconfig"; sourceTree = "<group>"; };
		6047208F92904BC021AF6603 /* Pods_Examples_iOS.framework */ = {isa = PBXFileReference; explicitFileType = wrapper.framework; includeInIndex = 0; path = Pods_Examples_iOS.framework; sourceTree = BUILT_PRODUCTS_DIR; };
		60BC28FCC9C7813E2AC1DD4B /* Pods_Example_iOS.framework */ = {isa = PBXFileReference; explicitFileType = wrapper.framework; includeInIndex = 0; path = Pods_Example_iOS.framework; sourceTree = BUILT_PRODUCTS_DIR; };
		6F4BD554CBEED5D384A1C737 /* Pods_CKB.framework */ = {isa = PBXFileReference; explicitFileType = wrapper.framework; includeInIndex = 0; path = Pods_CKB.framework; sourceTree = BUILT_PRODUCTS_DIR; };
		6FD2179DE52A415B08B8D134 /* Pods_CKBTests.framework */ = {isa = PBXFileReference; explicitFileType = wrapper.framework; includeInIndex = 0; path = Pods_CKBTests.framework; sourceTree = BUILT_PRODUCTS_DIR; };
		ABE51456FD8F0F3CCE586B41 /* Pods-CKB.release.xcconfig */ = {isa = PBXFileReference; includeInIndex = 1; lastKnownFileType = text.xcconfig; name = "Pods-CKB.release.xcconfig"; path = "Pods/Target Support Files/Pods-CKB/Pods-CKB.release.xcconfig"; sourceTree = "<group>"; };
		D5B02A90230A8030006B4189 /* CellDep.swift */ = {isa = PBXFileReference; lastKnownFileType = sourcecode.swift; path = CellDep.swift; sourceTree = "<group>"; };
/* End PBXFileReference section */

/* Begin PBXFrameworksBuildPhase section */
		1A2D6B1422A35C3500724E66 /* Frameworks */ = {
			isa = PBXFrameworksBuildPhase;
			buildActionMask = 2147483647;
			files = (
				1A2D6B1C22A35C3500724E66 /* CKB.framework in Frameworks */,
				C5FC62F40419407D3FC2BB33 /* Pods_CKBTests.framework in Frameworks */,
			);
			runOnlyForDeploymentPostprocessing = 0;
		};
		1A414A5D21C2226E00B28C09 /* Frameworks */ = {
			isa = PBXFrameworksBuildPhase;
			buildActionMask = 2147483647;
			files = (
				2D6EA000E9B8936CB81356CC /* Pods_CKB.framework in Frameworks */,
			);
			runOnlyForDeploymentPostprocessing = 0;
		};
/* End PBXFrameworksBuildPhase section */

/* Begin PBXGroup section */
		1A28119521D3804600E7CEC5 /* Types */ = {
			isa = PBXGroup;
			children = (
				1A28119621D3805800E7CEC5 /* ScriptTests.swift */,
				1A4A4BAC22A6C154003DC827 /* CellInputTests.swift */,
				1A4A4BAA22A6BF40003DC827 /* CellOutputTests.swift */,
				1A4A4BAE22A6C2EB003DC827 /* WitnessTests.swift */,
				1A4A4BB022A6C445003DC827 /* TransactionTests.swift */,
			);
			path = Types;
			sourceTree = "<group>";
		};
		1A2D6AE022A35B3100724E66 /* Tests */ = {
			isa = PBXGroup;
			children = (
				1AB45ED8222AA624009B395B /* Crypto */,
				1A28119521D3804600E7CEC5 /* Types */,
				1A414A7F21C32D2500B28C09 /* API */,
				1A5BCBB4228C6B9200157426 /* Signers */,
				1A414AA121C7711200B28C09 /* Utils */,
				1A5BCB9B228C474200157426 /* TestHelper.swift */,
				1A2D6B1B22A35C3500724E66 /* Info.plist */,
			);
			path = Tests;
			sourceTree = "<group>";
		};
		1A38CA6522768FDD00BEA1F3 /* RPC Fixtures */ = {
			isa = PBXGroup;
			children = (
				1A58F4382276939D00C6546F /* genesisBlockHash.json */,
				1A58F43A227694D400C6546F /* genesisBlock.json */,
				1A2CDAE22281796D0024CA71 /* epoch.json */,
				1A58F43C2276981700C6546F /* transaction.json */,
				1A58F43E2276994000C6546F /* header.json */,
				1A54E26722EEB5BA008CF6C3 /* blockReward.json */,
				1A58F4402276998900C6546F /* tipBlockNumber.json */,
				1A58F442227699D400C6546F /* sendTransactionEmpty.json */,
				1A58F44422769A0600C6546F /* localNodeInfo.json */,
				1A4AEBDE2282EF7500F0D576 /* peers.json */,
				1A55D39C22EEA7CC00E2B8DE /* setBan.json */,
				1A55D39E22EEA7F300E2B8DE /* getBannedAddresses.json */,
				1A58F44822769C7900C6546F /* liveCellEmpty.json */,
				1A4AEBDC2282EC9700F0D576 /* txPoolInfo.json */,
				1AA9B6872283D10E00C116B2 /* blockchainInfo.json */,
				1AA9B6892283D15600C116B2 /* peersState.json */,
				1A2188752288FC7B00F613CF /* dryRunTransaction.json */,
				1A2188772288FEC800F613CF /* computeTransactionHash.json */,
				1AD01E08230F694B0005199E /* computeScriptHash.json */,
				1AB7517122BA273600AC9F63 /* getLiveCellsByLockHash.json */,
				1A199DE222BA2781000C0C34 /* getTransactionsByLockHash.json */,
				1A199DE422BA2809000C0C34 /* indexLockHash.json */,
				1A199DE622BA281D000C0C34 /* deindexLockHash.json */,
				1A199DE822BA283B000C0C34 /* getLockHashIndexStates.json */,
			);
			path = "RPC Fixtures";
			sourceTree = "<group>";
		};
		1A414A5621C2226E00B28C09 = {
			isa = PBXGroup;
			children = (
				1A414A6221C2226E00B28C09 /* Source */,
				1A2D6AE022A35B3100724E66 /* Tests */,
				1A414A6121C2226E00B28C09 /* Products */,
				D8E741B1A7B0D4DFBEDB15BE /* Pods */,
				4F766494AD6DB6539413DFD4 /* Frameworks */,
			);
			sourceTree = "<group>";
		};
		1A414A6121C2226E00B28C09 /* Products */ = {
			isa = PBXGroup;
			children = (
				1A414A6021C2226E00B28C09 /* CKB.framework */,
				1A2D6B1722A35C3500724E66 /* CKBTests.xctest */,
			);
			name = Products;
			sourceTree = "<group>";
		};
		1A414A6221C2226E00B28C09 /* Source */ = {
			isa = PBXGroup;
			children = (
				1AB45ED5222AA53F009B395B /* Crypto */,
				1A414A8621C36FAA00B28C09 /* Types */,
				1A414A7E21C32D1D00B28C09 /* API */,
				1A5BCBB1228C56DC00157426 /* Signers */,
				1A414A9E21C770CF00B28C09 /* Utils */,
				1A414A6321C2226E00B28C09 /* CKB.h */,
				1A414A6421C2226E00B28C09 /* Info.plist */,
			);
			path = Source;
			sourceTree = "<group>";
		};
		1A414A7E21C32D1D00B28C09 /* API */ = {
			isa = PBXGroup;
			children = (
				1A4A4BB422A6C64B003DC827 /* APIError.swift */,
				1A414A8021C32D4B00B28C09 /* APIResult.swift */,
				1A414A8221C334EB00B28C09 /* APIRequest.swift */,
				1A414A7A21C22A9300B28C09 /* APIClient.swift */,
				1AB7516522B9F2A100AC9F63 /* APIClient+Net.swift */,
				1AB7516722B9F2DB00AC9F63 /* APIClient+Pool.swift */,
				1AB7516322B9F25F00AC9F63 /* APIClient+Chain.swift */,
				1AB7516922B9F30200AC9F63 /* APIClient+Stats.swift */,
				1AB7516F22BA263C00AC9F63 /* APIClient+Indexer.swift */,
				1AB7516B22B9F32700AC9F63 /* APIClient+Experiment.swift */,
				1A38CA6322768E7900BEA1F3 /* APIMockingClient.swift */,
			);
			path = API;
			sourceTree = "<group>";
		};
		1A414A7F21C32D2500B28C09 /* API */ = {
			isa = PBXGroup;
			children = (
				1A38CA6522768FDD00BEA1F3 /* RPC Fixtures */,
				1A4A4BB222A6C5F0003DC827 /* APIErrorTests.swift */,
				1A4A4BBA22A6D152003DC827 /* APIRequestTests.swift */,
				1A414A7C21C23A3900B28C09 /* APIClientTests.swift */,
				1A4A4BB622A6CA4C003DC827 /* APIMockingClientTests.swift */,
				1A58F4362276904900C6546F /* APIMockingTests.swift */,
			);
			path = API;
			sourceTree = "<group>";
		};
		1A414A8621C36FAA00B28C09 /* Types */ = {
			isa = PBXGroup;
			children = (
				1A414A9321C3789000B28C09 /* Primitives.swift */,
				1A414A9521C37AA000B28C09 /* Script.swift */,
				1A414A9121C3725300B28C09 /* OutPoint.swift */,
				1A414A9921C3879500B28C09 /* Cell.swift */,
				1A414A8D21C3722300B28C09 /* CellInput.swift */,
				1A414A8F21C3723E00B28C09 /* CellOutput.swift */,
				D5B02A90230A8030006B4189 /* CellDep.swift */,
				1AE7C62B2251BCA9003FA254 /* Witness.swift */,
				1A414A8721C36FCF00B28C09 /* Header.swift */,
				1A414A8921C36FE900B28C09 /* Block.swift */,
				1A2CDAE0228171180024CA71 /* Epoch.swift */,
				1A414A8B21C3714E00B28C09 /* Transaction.swift */,
				1A11347D2228D14300840EE8 /* Node.swift */,
				1A4AEBDA2282EB0100F0D576 /* TxPoolInfo.swift */,
				1AA9B6832283CD4C00C116B2 /* ChainInfo.swift */,
				1AB7516D22BA0F7100AC9F63 /* AlertMessage.swift */,
				1AA9B6852283CE4500C116B2 /* PeerState.swift */,
				1A2188732288FC1700F613CF /* DryRunResult.swift */,
				1A199DEA22BA3225000C0C34 /* LockHashIndexState.swift */,
				1AA3B83D22EEBAFA00027520 /* BannedAddress.swift */,
				1AA3B84122EEBB4800027520 /* BlockReward.swift */,
			);
			path = Types;
			sourceTree = "<group>";
		};
		1A414A9E21C770CF00B28C09 /* Utils */ = {
			isa = PBXGroup;
			children = (
				1A414A9F21C770DD00B28C09 /* Utils.swift */,
				1AD3195E225DBCB300F41790 /* Network.swift */,
				1AD3195C225DBA0B00F41790 /* AddressGenerator.swift */,
				1AD9631F228D24FB00684FBB /* SystemScript.swift */,
			);
			path = Utils;
			sourceTree = "<group>";
		};
		1A414AA121C7711200B28C09 /* Utils */ = {
			isa = PBXGroup;
			children = (
				1A414AA421C7713800B28C09 /* UtilsTests.swift */,
				1AD31960225DBD8A00F41790 /* AddressGeneratorTests.swift */,
				1AD96321228D2BF400684FBB /* SystemScriptTests.swift */,
			);
			path = Utils;
			sourceTree = "<group>";
		};
		1A5BCB98228C3C0900157426 /* Fixtures */ = {
			isa = PBXGroup;
			children = (
				1A5BCB99228C3C4C00157426 /* ecdsa_sig.json */,
				1A5BCBAF228C53C000157426 /* pubkey.json */,
			);
			path = Fixtures;
			sourceTree = "<group>";
		};
		1A5BCBB1228C56DC00157426 /* Signers */ = {
			isa = PBXGroup;
			children = (
				1A5BCBB2228C571200157426 /* Transaction+Sign.swift */,
			);
			path = Signers;
			sourceTree = "<group>";
		};
		1A5BCBB4228C6B9200157426 /* Signers */ = {
			isa = PBXGroup;
			children = (
				1A5BCBB5228C6BB400157426 /* TransactionSignTests.swift */,
			);
			path = Signers;
			sourceTree = "<group>";
		};
		1AB45ED5222AA53F009B395B /* Crypto */ = {
			isa = PBXGroup;
			children = (
				1AB45ED6222AA558009B395B /* Secp256k1.swift */,
				1A1C8269222F5D5D0053EC32 /* Blake2b.swift */,
				1AC180902264634E00D243D9 /* Bech32.swift */,
			);
			path = Crypto;
			sourceTree = "<group>";
		};
		1AB45ED8222AA624009B395B /* Crypto */ = {
			isa = PBXGroup;
			children = (
				1A5BCB98228C3C0900157426 /* Fixtures */,
				1AB45ED9222AA644009B395B /* Secp256k1Tests.swift */,
				1A1C826B222F5D7B0053EC32 /* Blake2bTests.swift */,
				1AC180922264672B00D243D9 /* Bech32Tests.swift */,
			);
			path = Crypto;
			sourceTree = "<group>";
		};
		4F766494AD6DB6539413DFD4 /* Frameworks */ = {
			isa = PBXGroup;
			children = (
				6F4BD554CBEED5D384A1C737 /* Pods_CKB.framework */,
				6FD2179DE52A415B08B8D134 /* Pods_CKBTests.framework */,
				60BC28FCC9C7813E2AC1DD4B /* Pods_Example_iOS.framework */,
				6047208F92904BC021AF6603 /* Pods_Examples_iOS.framework */,
			);
			name = Frameworks;
			sourceTree = "<group>";
		};
		D8E741B1A7B0D4DFBEDB15BE /* Pods */ = {
			isa = PBXGroup;
			children = (
				5CD9DB4E09DDB6450D81BC6F /* Pods-CKB.debug.xcconfig */,
				ABE51456FD8F0F3CCE586B41 /* Pods-CKB.release.xcconfig */,
				3280C4848C7A8236CA5F4CD8 /* Pods-CKBTests.debug.xcconfig */,
				5CAEE4335089142E8F3ECC55 /* Pods-CKBTests.release.xcconfig */,
			);
			name = Pods;
			sourceTree = "<group>";
		};
/* End PBXGroup section */

/* Begin PBXHeadersBuildPhase section */
		1A414A5B21C2226E00B28C09 /* Headers */ = {
			isa = PBXHeadersBuildPhase;
			buildActionMask = 2147483647;
			files = (
				1A414A7121C2226E00B28C09 /* CKB.h in Headers */,
			);
			runOnlyForDeploymentPostprocessing = 0;
		};
/* End PBXHeadersBuildPhase section */

/* Begin PBXNativeTarget section */
		1A2D6B1622A35C3500724E66 /* CKBTests */ = {
			isa = PBXNativeTarget;
			buildConfigurationList = 1A2D6B1F22A35C3500724E66 /* Build configuration list for PBXNativeTarget "CKBTests" */;
			buildPhases = (
				2A7F5DC7E2FF901D89A17A03 /* [CP] Check Pods Manifest.lock */,
				1A2D6B1322A35C3500724E66 /* Sources */,
				1A2D6B1422A35C3500724E66 /* Frameworks */,
				1A2D6B1522A35C3500724E66 /* Resources */,
				E865072303470127BD22A421 /* [CP] Embed Pods Frameworks */,
			);
			buildRules = (
			);
			dependencies = (
				1A2D6B1E22A35C3500724E66 /* PBXTargetDependency */,
			);
			name = CKBTests;
			productName = CKBTests;
			productReference = 1A2D6B1722A35C3500724E66 /* CKBTests.xctest */;
			productType = "com.apple.product-type.bundle.unit-test";
		};
		1A414A5F21C2226E00B28C09 /* CKB */ = {
			isa = PBXNativeTarget;
			buildConfigurationList = 1A414A7421C2226E00B28C09 /* Build configuration list for PBXNativeTarget "CKB" */;
			buildPhases = (
				2BD14A1EEA7F2D04671DE503 /* [CP] Check Pods Manifest.lock */,
				1A414A5B21C2226E00B28C09 /* Headers */,
				1A414A5C21C2226E00B28C09 /* Sources */,
				1A414A5D21C2226E00B28C09 /* Frameworks */,
				1A414A5E21C2226E00B28C09 /* Resources */,
				1A3B97A621CB8C2200FC1C54 /* SwiftLint */,
			);
			buildRules = (
			);
			dependencies = (
			);
			name = CKB;
			productName = CKB;
			productReference = 1A414A6021C2226E00B28C09 /* CKB.framework */;
			productType = "com.apple.product-type.framework";
		};
/* End PBXNativeTarget section */

/* Begin PBXProject section */
		1A414A5721C2226E00B28C09 /* Project object */ = {
			isa = PBXProject;
			attributes = {
				LastSwiftUpdateCheck = 1020;
				LastUpgradeCheck = 1010;
				ORGANIZATIONNAME = "Nervos Foundation";
				TargetAttributes = {
					1A2D6B1622A35C3500724E66 = {
						CreatedOnToolsVersion = 10.2.1;
					};
					1A414A5F21C2226E00B28C09 = {
						CreatedOnToolsVersion = 10.1;
						LastSwiftMigration = 1020;
					};
				};
			};
			buildConfigurationList = 1A414A5A21C2226E00B28C09 /* Build configuration list for PBXProject "CKB" */;
			compatibilityVersion = "Xcode 9.3";
			developmentRegion = en;
			hasScannedForEncodings = 0;
			knownRegions = (
				en,
				Base,
			);
			mainGroup = 1A414A5621C2226E00B28C09;
			productRefGroup = 1A414A6121C2226E00B28C09 /* Products */;
			projectDirPath = "";
			projectRoot = "";
			targets = (
				1A414A5F21C2226E00B28C09 /* CKB */,
				1A2D6B1622A35C3500724E66 /* CKBTests */,
			);
		};
/* End PBXProject section */

/* Begin PBXResourcesBuildPhase section */
		1A2D6B1522A35C3500724E66 /* Resources */ = {
			isa = PBXResourcesBuildPhase;
			buildActionMask = 2147483647;
			files = (
				1A2D6B2E22A35C5A00724E66 /* sendTransactionEmpty.json in Resources */,
				1A2D6B3222A35C5A00724E66 /* txPoolInfo.json in Resources */,
				1A199DEF22BA352D000C0C34 /* deindexLockHash.json in Resources */,
				1A2D6B2C22A35C5A00724E66 /* header.json in Resources */,
				1A199DF022BA352D000C0C34 /* getLockHashIndexStates.json in Resources */,
				1A2D6B2922A35C5A00724E66 /* genesisBlock.json in Resources */,
				1A2D6B2D22A35C5A00724E66 /* tipBlockNumber.json in Resources */,
				1A2D6B2A22A35C5A00724E66 /* epoch.json in Resources */,
				1A54E26122EEA9DE008CF6C3 /* setBan.json in Resources */,
				1A199DEC22BA3526000C0C34 /* getLiveCellsByLockHash.json in Resources */,
				1A2D6B3022A35C5A00724E66 /* peers.json in Resources */,
				1A2D6B3122A35C5A00724E66 /* liveCellEmpty.json in Resources */,
				1A2D6B2B22A35C5A00724E66 /* transaction.json in Resources */,
				1A199DED22BA352D000C0C34 /* getTransactionsByLockHash.json in Resources */,
				1A199DEE22BA352D000C0C34 /* indexLockHash.json in Resources */,
				1A2D6B3522A35C5A00724E66 /* dryRunTransaction.json in Resources */,
				1A2D6B3622A35C5A00724E66 /* computeTransactionHash.json in Resources */,
				1A2D6B3B22A35C6400724E66 /* pubkey.json in Resources */,
				1AD01E09230F694B0005199E /* computeScriptHash.json in Resources */,
				1A2D6B3422A35C5A00724E66 /* peersState.json in Resources */,
				1A54E26822EEB5BA008CF6C3 /* blockReward.json in Resources */,
				1A2D6B3322A35C5A00724E66 /* blockchainInfo.json in Resources */,
				1A2D6B2822A35C5A00724E66 /* genesisBlockHash.json in Resources */,
				1A54E26222EEA9E1008CF6C3 /* getBannedAddresses.json in Resources */,
				1A2D6B3A22A35C6400724E66 /* ecdsa_sig.json in Resources */,
				1A2D6B2F22A35C5A00724E66 /* localNodeInfo.json in Resources */,
			);
			runOnlyForDeploymentPostprocessing = 0;
		};
		1A414A5E21C2226E00B28C09 /* Resources */ = {
			isa = PBXResourcesBuildPhase;
			buildActionMask = 2147483647;
			files = (
			);
			runOnlyForDeploymentPostprocessing = 0;
		};
/* End PBXResourcesBuildPhase section */

/* Begin PBXShellScriptBuildPhase section */
		1A3B97A621CB8C2200FC1C54 /* SwiftLint */ = {
			isa = PBXShellScriptBuildPhase;
			buildActionMask = 2147483647;
			files = (
			);
			inputFileListPaths = (
			);
			inputPaths = (
			);
			name = SwiftLint;
			outputFileListPaths = (
			);
			outputPaths = (
			);
			runOnlyForDeploymentPostprocessing = 0;
			shellPath = /bin/sh;
			shellScript = "\"${PODS_ROOT}/SwiftLint/swiftlint\"\n";
		};
		2A7F5DC7E2FF901D89A17A03 /* [CP] Check Pods Manifest.lock */ = {
			isa = PBXShellScriptBuildPhase;
			buildActionMask = 2147483647;
			files = (
			);
			inputFileListPaths = (
			);
			inputPaths = (
				"${PODS_PODFILE_DIR_PATH}/Podfile.lock",
				"${PODS_ROOT}/Manifest.lock",
			);
			name = "[CP] Check Pods Manifest.lock";
			outputFileListPaths = (
			);
			outputPaths = (
				"$(DERIVED_FILE_DIR)/Pods-CKBTests-checkManifestLockResult.txt",
			);
			runOnlyForDeploymentPostprocessing = 0;
			shellPath = /bin/sh;
			shellScript = "diff \"${PODS_PODFILE_DIR_PATH}/Podfile.lock\" \"${PODS_ROOT}/Manifest.lock\" > /dev/null\nif [ $? != 0 ] ; then\n    # print error to STDERR\n    echo \"error: The sandbox is not in sync with the Podfile.lock. Run 'pod install' or update your CocoaPods installation.\" >&2\n    exit 1\nfi\n# This output is used by Xcode 'outputs' to avoid re-running this script phase.\necho \"SUCCESS\" > \"${SCRIPT_OUTPUT_FILE_0}\"\n";
			showEnvVarsInLog = 0;
		};
		2BD14A1EEA7F2D04671DE503 /* [CP] Check Pods Manifest.lock */ = {
			isa = PBXShellScriptBuildPhase;
			buildActionMask = 2147483647;
			files = (
			);
			inputFileListPaths = (
			);
			inputPaths = (
				"${PODS_PODFILE_DIR_PATH}/Podfile.lock",
				"${PODS_ROOT}/Manifest.lock",
			);
			name = "[CP] Check Pods Manifest.lock";
			outputFileListPaths = (
			);
			outputPaths = (
				"$(DERIVED_FILE_DIR)/Pods-CKB-checkManifestLockResult.txt",
			);
			runOnlyForDeploymentPostprocessing = 0;
			shellPath = /bin/sh;
			shellScript = "diff \"${PODS_PODFILE_DIR_PATH}/Podfile.lock\" \"${PODS_ROOT}/Manifest.lock\" > /dev/null\nif [ $? != 0 ] ; then\n    # print error to STDERR\n    echo \"error: The sandbox is not in sync with the Podfile.lock. Run 'pod install' or update your CocoaPods installation.\" >&2\n    exit 1\nfi\n# This output is used by Xcode 'outputs' to avoid re-running this script phase.\necho \"SUCCESS\" > \"${SCRIPT_OUTPUT_FILE_0}\"\n";
			showEnvVarsInLog = 0;
		};
		E865072303470127BD22A421 /* [CP] Embed Pods Frameworks */ = {
			isa = PBXShellScriptBuildPhase;
			buildActionMask = 2147483647;
			files = (
			);
			inputFileListPaths = (
				"${PODS_ROOT}/Target Support Files/Pods-CKBTests/Pods-CKBTests-frameworks-${CONFIGURATION}-input-files.xcfilelist",
			);
			name = "[CP] Embed Pods Frameworks";
			outputFileListPaths = (
				"${PODS_ROOT}/Target Support Files/Pods-CKBTests/Pods-CKBTests-frameworks-${CONFIGURATION}-output-files.xcfilelist",
			);
			runOnlyForDeploymentPostprocessing = 0;
			shellPath = /bin/sh;
			shellScript = "\"${PODS_ROOT}/Target Support Files/Pods-CKBTests/Pods-CKBTests-frameworks.sh\"\n";
			showEnvVarsInLog = 0;
		};
/* End PBXShellScriptBuildPhase section */

/* Begin PBXSourcesBuildPhase section */
		1A2D6B1322A35C3500724E66 /* Sources */ = {
			isa = PBXSourcesBuildPhase;
			buildActionMask = 2147483647;
			files = (
				1A2D6B2322A35C4B00724E66 /* TestHelper.swift in Sources */,
				1A2D6B3D22A35C6400724E66 /* Blake2bTests.swift in Sources */,
				1A4A4BAF22A6C2EB003DC827 /* WitnessTests.swift in Sources */,
				1A4A4BAD22A6C154003DC827 /* CellInputTests.swift in Sources */,
				1A4A4BB122A6C445003DC827 /* TransactionTests.swift in Sources */,
				1A2D6B3C22A35C6400724E66 /* Secp256k1Tests.swift in Sources */,
				1A2D6B2522A35C4F00724E66 /* AddressGeneratorTests.swift in Sources */,
				1A4A4BBB22A6D152003DC827 /* APIRequestTests.swift in Sources */,
				1A4A4BB322A6C5F0003DC827 /* APIErrorTests.swift in Sources */,
				1A2D6B3822A35C5A00724E66 /* APIMockingTests.swift in Sources */,
				1A4A4BAB22A6BF40003DC827 /* CellOutputTests.swift in Sources */,
				1A4A4BB722A6CA4C003DC827 /* APIMockingClientTests.swift in Sources */,
				1A2D6B2422A35C4F00724E66 /* UtilsTests.swift in Sources */,
				1A2D6B3922A35C5D00724E66 /* ScriptTests.swift in Sources */,
				1A2D6B3722A35C5A00724E66 /* APIClientTests.swift in Sources */,
				1A2D6B2622A35C4F00724E66 /* SystemScriptTests.swift in Sources */,
				1A2D6B2722A35C5300724E66 /* TransactionSignTests.swift in Sources */,
			);
			runOnlyForDeploymentPostprocessing = 0;
		};
		1A414A5C21C2226E00B28C09 /* Sources */ = {
			isa = PBXSourcesBuildPhase;
			buildActionMask = 2147483647;
			files = (
				1A414A9221C3725300B28C09 /* OutPoint.swift in Sources */,
				1A414A8821C36FCF00B28C09 /* Header.swift in Sources */,
				1AC180912264634E00D243D9 /* Bech32.swift in Sources */,
				1AD96320228D24FB00684FBB /* SystemScript.swift in Sources */,
				1A11347E2228D14300840EE8 /* Node.swift in Sources */,
				1A414A7B21C22A9300B28C09 /* APIClient.swift in Sources */,
				1AB7516E22BA0F7100AC9F63 /* AlertMessage.swift in Sources */,
				1AB45ED7222AA558009B395B /* Secp256k1.swift in Sources */,
				1A5BCBB3228C571200157426 /* Transaction+Sign.swift in Sources */,
				D5B02A91230A8030006B4189 /* CellDep.swift in Sources */,
				1AB7516C22B9F32700AC9F63 /* APIClient+Experiment.swift in Sources */,
				1A2CDAE1228171180024CA71 /* Epoch.swift in Sources */,
				1A414A8E21C3722300B28C09 /* CellInput.swift in Sources */,
				1AA9B6862283CE4500C116B2 /* PeerState.swift in Sources */,
				1AB7517022BA263C00AC9F63 /* APIClient+Indexer.swift in Sources */,
				1AE7C62C2251BCA9003FA254 /* Witness.swift in Sources */,
				1A199DEB22BA3225000C0C34 /* LockHashIndexState.swift in Sources */,
				1A414A9621C37AA000B28C09 /* Script.swift in Sources */,
				1AB7516822B9F2DB00AC9F63 /* APIClient+Pool.swift in Sources */,
				1AA3B84222EEBB4800027520 /* BlockReward.swift in Sources */,
				1AA3B83F22EEBAFA00027520 /* BannedAddress.swift in Sources */,
				1AD3195D225DBA0B00F41790 /* AddressGenerator.swift in Sources */,
				1A414AA021C770DD00B28C09 /* Utils.swift in Sources */,
				1A4AEBDB2282EB0100F0D576 /* TxPoolInfo.swift in Sources */,
				1A414A9A21C3879500B28C09 /* Cell.swift in Sources */,
				1A414A8C21C3714E00B28C09 /* Transaction.swift in Sources */,
				1AB7516A22B9F30200AC9F63 /* APIClient+Stats.swift in Sources */,
				1A2188742288FC1700F613CF /* DryRunResult.swift in Sources */,
				1AB7516622B9F2A100AC9F63 /* APIClient+Net.swift in Sources */,
				1AD3195F225DBCB300F41790 /* Network.swift in Sources */,
				1A414A9021C3723E00B28C09 /* CellOutput.swift in Sources */,
				1A1C826A222F5D5D0053EC32 /* Blake2b.swift in Sources */,
				1A414A8A21C36FE900B28C09 /* Block.swift in Sources */,
				1A414A9421C3789000B28C09 /* Primitives.swift in Sources */,
				1A414A8321C334EB00B28C09 /* APIRequest.swift in Sources */,
				1A4A4BB522A6C64B003DC827 /* APIError.swift in Sources */,
				1A38CA6422768E7900BEA1F3 /* APIMockingClient.swift in Sources */,
				1A414A8121C32D4B00B28C09 /* APIResult.swift in Sources */,
				1AA9B6842283CD4C00C116B2 /* ChainInfo.swift in Sources */,
				1AB7516422B9F25F00AC9F63 /* APIClient+Chain.swift in Sources */,
			);
			runOnlyForDeploymentPostprocessing = 0;
		};
/* End PBXSourcesBuildPhase section */

/* Begin PBXTargetDependency section */
		1A2D6B1E22A35C3500724E66 /* PBXTargetDependency */ = {
			isa = PBXTargetDependency;
			target = 1A414A5F21C2226E00B28C09 /* CKB */;
			targetProxy = 1A2D6B1D22A35C3500724E66 /* PBXContainerItemProxy */;
		};
/* End PBXTargetDependency section */

/* Begin XCBuildConfiguration section */
		1A2D6B2022A35C3500724E66 /* Debug */ = {
			isa = XCBuildConfiguration;
			baseConfigurationReference = 3280C4848C7A8236CA5F4CD8 /* Pods-CKBTests.debug.xcconfig */;
			buildSettings = {
				CODE_SIGN_IDENTITY = "-";
				CODE_SIGN_STYLE = Automatic;
				COMBINE_HIDPI_IMAGES = YES;
				INFOPLIST_FILE = Tests/Info.plist;
				LD_RUNPATH_SEARCH_PATHS = (
					"$(inherited)",
					"@executable_path/../Frameworks",
					"@loader_path/../Frameworks",
				);
				MACOSX_DEPLOYMENT_TARGET = 10.14;
				PRODUCT_BUNDLE_IDENTIFIER = org.nervos.CKB.CKBTests;
				PRODUCT_NAME = "$(TARGET_NAME)";
				SDKROOT = macosx;
				SWIFT_VERSION = 5.0;
			};
			name = Debug;
		};
		1A2D6B2122A35C3500724E66 /* Release */ = {
			isa = XCBuildConfiguration;
			baseConfigurationReference = 5CAEE4335089142E8F3ECC55 /* Pods-CKBTests.release.xcconfig */;
			buildSettings = {
				CODE_SIGN_IDENTITY = "-";
				CODE_SIGN_STYLE = Automatic;
				COMBINE_HIDPI_IMAGES = YES;
				INFOPLIST_FILE = Tests/Info.plist;
				LD_RUNPATH_SEARCH_PATHS = (
					"$(inherited)",
					"@executable_path/../Frameworks",
					"@loader_path/../Frameworks",
				);
				MACOSX_DEPLOYMENT_TARGET = 10.14;
				PRODUCT_BUNDLE_IDENTIFIER = org.nervos.CKB.CKBTests;
				PRODUCT_NAME = "$(TARGET_NAME)";
				SDKROOT = macosx;
				SWIFT_VERSION = 5.0;
			};
			name = Release;
		};
		1A414A7221C2226E00B28C09 /* Debug */ = {
			isa = XCBuildConfiguration;
			buildSettings = {
				ALWAYS_SEARCH_USER_PATHS = NO;
				CLANG_ANALYZER_NONNULL = YES;
				CLANG_ANALYZER_NUMBER_OBJECT_CONVERSION = YES_AGGRESSIVE;
				CLANG_CXX_LANGUAGE_STANDARD = "gnu++14";
				CLANG_CXX_LIBRARY = "libc++";
				CLANG_ENABLE_MODULES = YES;
				CLANG_ENABLE_OBJC_ARC = YES;
				CLANG_ENABLE_OBJC_WEAK = YES;
				CLANG_WARN_BLOCK_CAPTURE_AUTORELEASING = YES;
				CLANG_WARN_BOOL_CONVERSION = YES;
				CLANG_WARN_COMMA = YES;
				CLANG_WARN_CONSTANT_CONVERSION = YES;
				CLANG_WARN_DEPRECATED_OBJC_IMPLEMENTATIONS = YES;
				CLANG_WARN_DIRECT_OBJC_ISA_USAGE = YES_ERROR;
				CLANG_WARN_DOCUMENTATION_COMMENTS = YES;
				CLANG_WARN_EMPTY_BODY = YES;
				CLANG_WARN_ENUM_CONVERSION = YES;
				CLANG_WARN_INFINITE_RECURSION = YES;
				CLANG_WARN_INT_CONVERSION = YES;
				CLANG_WARN_NON_LITERAL_NULL_CONVERSION = YES;
				CLANG_WARN_OBJC_IMPLICIT_RETAIN_SELF = YES;
				CLANG_WARN_OBJC_LITERAL_CONVERSION = YES;
				CLANG_WARN_OBJC_ROOT_CLASS = YES_ERROR;
				CLANG_WARN_RANGE_LOOP_ANALYSIS = YES;
				CLANG_WARN_STRICT_PROTOTYPES = YES;
				CLANG_WARN_SUSPICIOUS_MOVE = YES;
				CLANG_WARN_UNGUARDED_AVAILABILITY = YES_AGGRESSIVE;
				CLANG_WARN_UNREACHABLE_CODE = YES;
				CLANG_WARN__DUPLICATE_METHOD_MATCH = YES;
				CODE_SIGN_IDENTITY = "iPhone Developer";
				COPY_PHASE_STRIP = NO;
				CURRENT_PROJECT_VERSION = 1;
				DEBUG_INFORMATION_FORMAT = dwarf;
				ENABLE_STRICT_OBJC_MSGSEND = YES;
				ENABLE_TESTABILITY = YES;
				GCC_C_LANGUAGE_STANDARD = gnu11;
				GCC_DYNAMIC_NO_PIC = NO;
				GCC_NO_COMMON_BLOCKS = YES;
				GCC_OPTIMIZATION_LEVEL = 0;
				GCC_PREPROCESSOR_DEFINITIONS = (
					"DEBUG=1",
					"$(inherited)",
				);
				GCC_WARN_64_TO_32_BIT_CONVERSION = YES;
				GCC_WARN_ABOUT_RETURN_TYPE = YES_ERROR;
				GCC_WARN_UNDECLARED_SELECTOR = YES;
				GCC_WARN_UNINITIALIZED_AUTOS = YES_AGGRESSIVE;
				GCC_WARN_UNUSED_FUNCTION = YES;
				GCC_WARN_UNUSED_VARIABLE = YES;
				IPHONEOS_DEPLOYMENT_TARGET = 12.1;
				MACOSX_DEPLOYMENT_TARGET = 10.13;
				MTL_ENABLE_DEBUG_INFO = INCLUDE_SOURCE;
				MTL_FAST_MATH = YES;
				ONLY_ACTIVE_ARCH = YES;
				SDKROOT = iphoneos;
				SWIFT_ACTIVE_COMPILATION_CONDITIONS = DEBUG;
				SWIFT_OPTIMIZATION_LEVEL = "-Onone";
				VERSIONING_SYSTEM = "apple-generic";
				VERSION_INFO_PREFIX = "";
			};
			name = Debug;
		};
		1A414A7321C2226E00B28C09 /* Release */ = {
			isa = XCBuildConfiguration;
			buildSettings = {
				ALWAYS_SEARCH_USER_PATHS = NO;
				CLANG_ANALYZER_NONNULL = YES;
				CLANG_ANALYZER_NUMBER_OBJECT_CONVERSION = YES_AGGRESSIVE;
				CLANG_CXX_LANGUAGE_STANDARD = "gnu++14";
				CLANG_CXX_LIBRARY = "libc++";
				CLANG_ENABLE_MODULES = YES;
				CLANG_ENABLE_OBJC_ARC = YES;
				CLANG_ENABLE_OBJC_WEAK = YES;
				CLANG_WARN_BLOCK_CAPTURE_AUTORELEASING = YES;
				CLANG_WARN_BOOL_CONVERSION = YES;
				CLANG_WARN_COMMA = YES;
				CLANG_WARN_CONSTANT_CONVERSION = YES;
				CLANG_WARN_DEPRECATED_OBJC_IMPLEMENTATIONS = YES;
				CLANG_WARN_DIRECT_OBJC_ISA_USAGE = YES_ERROR;
				CLANG_WARN_DOCUMENTATION_COMMENTS = YES;
				CLANG_WARN_EMPTY_BODY = YES;
				CLANG_WARN_ENUM_CONVERSION = YES;
				CLANG_WARN_INFINITE_RECURSION = YES;
				CLANG_WARN_INT_CONVERSION = YES;
				CLANG_WARN_NON_LITERAL_NULL_CONVERSION = YES;
				CLANG_WARN_OBJC_IMPLICIT_RETAIN_SELF = YES;
				CLANG_WARN_OBJC_LITERAL_CONVERSION = YES;
				CLANG_WARN_OBJC_ROOT_CLASS = YES_ERROR;
				CLANG_WARN_RANGE_LOOP_ANALYSIS = YES;
				CLANG_WARN_STRICT_PROTOTYPES = YES;
				CLANG_WARN_SUSPICIOUS_MOVE = YES;
				CLANG_WARN_UNGUARDED_AVAILABILITY = YES_AGGRESSIVE;
				CLANG_WARN_UNREACHABLE_CODE = YES;
				CLANG_WARN__DUPLICATE_METHOD_MATCH = YES;
				CODE_SIGN_IDENTITY = "iPhone Developer";
				COPY_PHASE_STRIP = NO;
				CURRENT_PROJECT_VERSION = 1;
				DEBUG_INFORMATION_FORMAT = "dwarf-with-dsym";
				ENABLE_NS_ASSERTIONS = NO;
				ENABLE_STRICT_OBJC_MSGSEND = YES;
				GCC_C_LANGUAGE_STANDARD = gnu11;
				GCC_NO_COMMON_BLOCKS = YES;
				GCC_WARN_64_TO_32_BIT_CONVERSION = YES;
				GCC_WARN_ABOUT_RETURN_TYPE = YES_ERROR;
				GCC_WARN_UNDECLARED_SELECTOR = YES;
				GCC_WARN_UNINITIALIZED_AUTOS = YES_AGGRESSIVE;
				GCC_WARN_UNUSED_FUNCTION = YES;
				GCC_WARN_UNUSED_VARIABLE = YES;
				IPHONEOS_DEPLOYMENT_TARGET = 12.1;
				MACOSX_DEPLOYMENT_TARGET = 10.13;
				MTL_ENABLE_DEBUG_INFO = NO;
				MTL_FAST_MATH = YES;
				SDKROOT = iphoneos;
				SWIFT_COMPILATION_MODE = wholemodule;
				SWIFT_OPTIMIZATION_LEVEL = "-O";
				VALIDATE_PRODUCT = YES;
				VERSIONING_SYSTEM = "apple-generic";
				VERSION_INFO_PREFIX = "";
			};
			name = Release;
		};
		1A414A7521C2226E00B28C09 /* Debug */ = {
			isa = XCBuildConfiguration;
			baseConfigurationReference = 5CD9DB4E09DDB6450D81BC6F /* Pods-CKB.debug.xcconfig */;
			buildSettings = {
				CLANG_ENABLE_MODULES = YES;
				CODE_SIGN_IDENTITY = "";
				CODE_SIGN_STYLE = Automatic;
				DEFINES_MODULE = YES;
				DYLIB_COMPATIBILITY_VERSION = 1;
				DYLIB_CURRENT_VERSION = 1;
				DYLIB_INSTALL_NAME_BASE = "@rpath";
				INFOPLIST_FILE = Source/Info.plist;
				INSTALL_PATH = "$(LOCAL_LIBRARY_DIR)/Frameworks";
				IPHONEOS_DEPLOYMENT_TARGET = 11.0;
				LD_RUNPATH_SEARCH_PATHS = (
					"$(inherited)",
					"@executable_path/Frameworks",
					"@loader_path/Frameworks",
				);
				MACOSX_DEPLOYMENT_TARGET = 10.13;
				PRODUCT_BUNDLE_IDENTIFIER = org.nervos.CKB;
				PRODUCT_NAME = "$(TARGET_NAME:c99extidentifier)";
				SDKROOT = macosx;
				SKIP_INSTALL = YES;
				SWIFT_OPTIMIZATION_LEVEL = "-Onone";
				SWIFT_VERSION = 5.0;
				TARGETED_DEVICE_FAMILY = "1,2";
			};
			name = Debug;
		};
		1A414A7621C2226E00B28C09 /* Release */ = {
			isa = XCBuildConfiguration;
			baseConfigurationReference = ABE51456FD8F0F3CCE586B41 /* Pods-CKB.release.xcconfig */;
			buildSettings = {
				CLANG_ENABLE_MODULES = YES;
				CODE_SIGN_IDENTITY = "";
				CODE_SIGN_STYLE = Automatic;
				DEFINES_MODULE = YES;
				DYLIB_COMPATIBILITY_VERSION = 1;
				DYLIB_CURRENT_VERSION = 1;
				DYLIB_INSTALL_NAME_BASE = "@rpath";
				INFOPLIST_FILE = Source/Info.plist;
				INSTALL_PATH = "$(LOCAL_LIBRARY_DIR)/Frameworks";
				IPHONEOS_DEPLOYMENT_TARGET = 11.0;
				LD_RUNPATH_SEARCH_PATHS = (
					"$(inherited)",
					"@executable_path/Frameworks",
					"@loader_path/Frameworks",
				);
				MACOSX_DEPLOYMENT_TARGET = 10.13;
				PRODUCT_BUNDLE_IDENTIFIER = org.nervos.CKB;
				PRODUCT_NAME = "$(TARGET_NAME:c99extidentifier)";
				SDKROOT = macosx;
				SKIP_INSTALL = YES;
				SWIFT_VERSION = 5.0;
				TARGETED_DEVICE_FAMILY = "1,2";
			};
			name = Release;
		};
/* End XCBuildConfiguration section */

/* Begin XCConfigurationList section */
		1A2D6B1F22A35C3500724E66 /* Build configuration list for PBXNativeTarget "CKBTests" */ = {
			isa = XCConfigurationList;
			buildConfigurations = (
				1A2D6B2022A35C3500724E66 /* Debug */,
				1A2D6B2122A35C3500724E66 /* Release */,
			);
			defaultConfigurationIsVisible = 0;
			defaultConfigurationName = Release;
		};
		1A414A5A21C2226E00B28C09 /* Build configuration list for PBXProject "CKB" */ = {
			isa = XCConfigurationList;
			buildConfigurations = (
				1A414A7221C2226E00B28C09 /* Debug */,
				1A414A7321C2226E00B28C09 /* Release */,
			);
			defaultConfigurationIsVisible = 0;
			defaultConfigurationName = Release;
		};
		1A414A7421C2226E00B28C09 /* Build configuration list for PBXNativeTarget "CKB" */ = {
			isa = XCConfigurationList;
			buildConfigurations = (
				1A414A7521C2226E00B28C09 /* Debug */,
				1A414A7621C2226E00B28C09 /* Release */,
			);
			defaultConfigurationIsVisible = 0;
			defaultConfigurationName = Release;
		};
/* End XCConfigurationList section */
	};
	rootObject = 1A414A5721C2226E00B28C09 /* Project object */;
}
