PODS:
  - CKB (0.24.0):
    - CryptoSwift (~> 1.0.0)
    - secp256k1.swift (~> 0.1.4)
    - Sodium (~> 0.8.0)
  - CryptoSwift (1.0.0)
  - secp256k1.swift (0.1.4)
  - Sodium (0.8.0)

DEPENDENCIES:
  - CKB (from `../../`)

SPEC REPOS:
  https://github.com/CocoaPods/Specs.git:
    - CryptoSwift
    - secp256k1.swift
    - Sodium

EXTERNAL SOURCES:
  CKB:
    :path: "../../"

SPEC CHECKSUMS:
  CKB: 13d892b1e0d5d66140cfcb7fd931beea5d4693d3
  CryptoSwift: d81eeaa59dc5a8d03720fe919a6fd07b51f7439f
  secp256k1.swift: a7e7a214f6db6ce5db32cc6b2b45e5c4dd633634
  Sodium: 63c0ca312a932e6da481689537d4b35568841bdc

PODFILE CHECKSUM: 25595363a3344f0facecf26229cae03aed8a81d9

COCOAPODS: 1.8.4
